// !$*UTF8*$!
{
	archiveVersion = 1;
	classes = {
	};
	objectVersion = 46;
	objects = {

/* Begin PBXBuildFile section */
		4C0D470517FB800400F13786 /* TestProject.json in Resources */ = {isa = PBXBuildFile; fileRef = 4C0D470417FB800400F13786 /* TestProject.json */; };
		4C0D470817FB927600F13786 /* ZSCanvasViewController.m in Sources */ = {isa = PBXBuildFile; fileRef = 4C0D470717FB927600F13786 /* ZSCanvasViewController.m */; };
		4C7527321800D5C3002B41E6 /* ZSProgram.m in Sources */ = {isa = PBXBuildFile; fileRef = 4C7527311800D5C3002B41E6 /* ZSProgram.m */; };
		4CE340331809DB3C009A63A2 /* ZSRendererControllerViewController.m in Sources */ = {isa = PBXBuildFile; fileRef = 4CE340321809DB3C009A63A2 /* ZSRendererControllerViewController.m */; };
		4CE340361809DCFD009A63A2 /* ZSScene.m in Sources */ = {isa = PBXBuildFile; fileRef = 4CE340351809DCFD009A63A2 /* ZSScene.m */; };
		4CE340381809DD4A009A63A2 /* Spaceship.png in Resources */ = {isa = PBXBuildFile; fileRef = 4CE340371809DD4A009A63A2 /* Spaceship.png */; };
		4CE340401809EDC1009A63A2 /* basketball.png in Resources */ = {isa = PBXBuildFile; fileRef = 4CE3403F1809EDC1009A63A2 /* basketball.png */; };
		4CE340421809F76E009A63A2 /* grayball.png in Resources */ = {isa = PBXBuildFile; fileRef = 4CE340411809F76E009A63A2 /* grayball.png */; };
		4CE340481809F880009A63A2 /* ZSMenuController.m in Sources */ = {isa = PBXBuildFile; fileRef = 4CE340471809F880009A63A2 /* ZSMenuController.m */; };
		4CE3404B1809FC57009A63A2 /* ZSSpriteController.m in Sources */ = {isa = PBXBuildFile; fileRef = 4CE3404A1809FC57009A63A2 /* ZSSpriteController.m */; };
		4CE3404E180A0154009A63A2 /* ZSInterpreterViewController.m in Sources */ = {isa = PBXBuildFile; fileRef = 4CE3404D180A0154009A63A2 /* ZSInterpreterViewController.m */; };
		4CF1CBB217EF882A00636E0D /* Foundation.framework in Frameworks */ = {isa = PBXBuildFile; fileRef = 4CF1CBB117EF882A00636E0D /* Foundation.framework */; };
		4CF1CBB417EF882A00636E0D /* CoreGraphics.framework in Frameworks */ = {isa = PBXBuildFile; fileRef = 4CF1CBB317EF882A00636E0D /* CoreGraphics.framework */; };
		4CF1CBB617EF882A00636E0D /* UIKit.framework in Frameworks */ = {isa = PBXBuildFile; fileRef = 4CF1CBB517EF882A00636E0D /* UIKit.framework */; };
		4CF1CBBC17EF882A00636E0D /* InfoPlist.strings in Resources */ = {isa = PBXBuildFile; fileRef = 4CF1CBBA17EF882A00636E0D /* InfoPlist.strings */; };
		4CF1CBBE17EF882A00636E0D /* main.m in Sources */ = {isa = PBXBuildFile; fileRef = 4CF1CBBD17EF882A00636E0D /* main.m */; };
		4CF1CBC217EF882A00636E0D /* TCAppDelegate.m in Sources */ = {isa = PBXBuildFile; fileRef = 4CF1CBC117EF882A00636E0D /* TCAppDelegate.m */; };
		4CF1CBC517EF882A00636E0D /* Main.storyboard in Resources */ = {isa = PBXBuildFile; fileRef = 4CF1CBC317EF882A00636E0D /* Main.storyboard */; };
		4CF1CBCA17EF882A00636E0D /* Images.xcassets in Resources */ = {isa = PBXBuildFile; fileRef = 4CF1CBC917EF882A00636E0D /* Images.xcassets */; };
		4CF1CBD117EF882A00636E0D /* XCTest.framework in Frameworks */ = {isa = PBXBuildFile; fileRef = 4CF1CBD017EF882A00636E0D /* XCTest.framework */; };
		4CF1CBD217EF882A00636E0D /* Foundation.framework in Frameworks */ = {isa = PBXBuildFile; fileRef = 4CF1CBB117EF882A00636E0D /* Foundation.framework */; };
		4CF1CBD317EF882A00636E0D /* UIKit.framework in Frameworks */ = {isa = PBXBuildFile; fileRef = 4CF1CBB517EF882A00636E0D /* UIKit.framework */; };
		4CF1CBDB17EF882A00636E0D /* InfoPlist.strings in Resources */ = {isa = PBXBuildFile; fileRef = 4CF1CBD917EF882A00636E0D /* InfoPlist.strings */; };
		4CF1CBF417EF89AB00636E0D /* TCSprite.m in Sources */ = {isa = PBXBuildFile; fileRef = 4CF1CBF317EF89AB00636E0D /* TCSprite.m */; };
		4CF1CBFD17EFDBE500636E0D /* TCSpriteTableView.m in Sources */ = {isa = PBXBuildFile; fileRef = 4CF1CBFC17EFDBE500636E0D /* TCSpriteTableView.m */; };
		4CF1CC0517EFE14A00636E0D /* dog.jpeg in Resources */ = {isa = PBXBuildFile; fileRef = 4CF1CC0017EFE14A00636E0D /* dog.jpeg */; };
		4CF1CC0617EFE14A00636E0D /* monkey.jpeg in Resources */ = {isa = PBXBuildFile; fileRef = 4CF1CC0117EFE14A00636E0D /* monkey.jpeg */; };
		4CF1CC0717EFE14A00636E0D /* sonic.jpeg in Resources */ = {isa = PBXBuildFile; fileRef = 4CF1CC0217EFE14A00636E0D /* sonic.jpeg */; };
		4CF1CC0817EFE14A00636E0D /* yoda.jpeg in Resources */ = {isa = PBXBuildFile; fileRef = 4CF1CC0317EFE14A00636E0D /* yoda.jpeg */; };
		4CF1CC0B17EFE56800636E0D /* TCSpriteManager.m in Sources */ = {isa = PBXBuildFile; fileRef = 4CF1CC0A17EFE56800636E0D /* TCSpriteManager.m */; };
		4CF1CC0E17EFF64500636E0D /* TCSpriteView.m in Sources */ = {isa = PBXBuildFile; fileRef = 4CF1CC0D17EFF64500636E0D /* TCSpriteView.m */; };
		5F099D4617F1135300EB2AC7 /* INInterpreter.m in Sources */ = {isa = PBXBuildFile; fileRef = 5F099D4517F1135300EB2AC7 /* INInterpreter.m */; };
		5F099D4817F1136000EB2AC7 /* InterpreterTests.m in Sources */ = {isa = PBXBuildFile; fileRef = 5F099D4717F1136000EB2AC7 /* InterpreterTests.m */; };
		5FBDDC3717FF2D2400A1037A /* ZSEditorViewController.m in Sources */ = {isa = PBXBuildFile; fileRef = 5FBDDC3217FF2D2400A1037A /* ZSEditorViewController.m */; };
		5FBDDC3817FF2D2400A1037A /* ZSPlaygroundViewController.m in Sources */ = {isa = PBXBuildFile; fileRef = 5FBDDC3417FF2D2400A1037A /* ZSPlaygroundViewController.m */; };
		5FBDDC3917FF2D2400A1037A /* ZSSuiteController.m in Sources */ = {isa = PBXBuildFile; fileRef = 5FBDDC3617FF2D2400A1037A /* ZSSuiteController.m */; };
		5FBDDC3C17FF2D5F00A1037A /* ZSCommandListTableView.m in Sources */ = {isa = PBXBuildFile; fileRef = 5FBDDC3B17FF2D5F00A1037A /* ZSCommandListTableView.m */; };
		F188741646A541119F9E0DE4 /* libPods.a in Frameworks */ = {isa = PBXBuildFile; fileRef = A26E7A8391C049E78AB2860A /* libPods.a */; };
/* End PBXBuildFile section */

/* Begin PBXContainerItemProxy section */
		4CF1CBD417EF882A00636E0D /* PBXContainerItemProxy */ = {
			isa = PBXContainerItemProxy;
			containerPortal = 4CF1CBA617EF882A00636E0D /* Project object */;
			proxyType = 1;
			remoteGlobalIDString = 4CF1CBAD17EF882A00636E0D;
			remoteInfo = Zuse;
		};
/* End PBXContainerItemProxy section */

/* Begin PBXFileReference section */
		4C0D470417FB800400F13786 /* TestProject.json */ = {isa = PBXFileReference; fileEncoding = 4; lastKnownFileType = text.json; name = TestProject.json; path = JSON/TestProject.json; sourceTree = "<group>"; };
		4C0D470617FB927600F13786 /* ZSCanvasViewController.h */ = {isa = PBXFileReference; fileEncoding = 4; lastKnownFileType = sourcecode.c.h; path = ZSCanvasViewController.h; sourceTree = "<group>"; };
		4C0D470717FB927600F13786 /* ZSCanvasViewController.m */ = {isa = PBXFileReference; fileEncoding = 4; lastKnownFileType = sourcecode.c.objc; path = ZSCanvasViewController.m; sourceTree = "<group>"; };
		4C7527301800D5C3002B41E6 /* ZSProgram.h */ = {isa = PBXFileReference; fileEncoding = 4; lastKnownFileType = sourcecode.c.h; path = ZSProgram.h; sourceTree = "<group>"; };
		4C7527311800D5C3002B41E6 /* ZSProgram.m */ = {isa = PBXFileReference; fileEncoding = 4; lastKnownFileType = sourcecode.c.objc; path = ZSProgram.m; sourceTree = "<group>"; };
		4CE340311809DB3C009A63A2 /* ZSRendererControllerViewController.h */ = {isa = PBXFileReference; fileEncoding = 4; lastKnownFileType = sourcecode.c.h; path = ZSRendererControllerViewController.h; sourceTree = "<group>"; };
		4CE340321809DB3C009A63A2 /* ZSRendererControllerViewController.m */ = {isa = PBXFileReference; fileEncoding = 4; lastKnownFileType = sourcecode.c.objc; path = ZSRendererControllerViewController.m; sourceTree = "<group>"; };
		4CE340341809DCFD009A63A2 /* ZSScene.h */ = {isa = PBXFileReference; fileEncoding = 4; lastKnownFileType = sourcecode.c.h; path = ZSScene.h; sourceTree = "<group>"; };
		4CE340351809DCFD009A63A2 /* ZSScene.m */ = {isa = PBXFileReference; fileEncoding = 4; lastKnownFileType = sourcecode.c.objc; path = ZSScene.m; sourceTree = "<group>"; };
		4CE340371809DD4A009A63A2 /* Spaceship.png */ = {isa = PBXFileReference; lastKnownFileType = image.png; name = Spaceship.png; path = ../../../Desktop/TestEngine/TestEngine/Spaceship.png; sourceTree = "<group>"; };
		4CE3403F1809EDC1009A63A2 /* basketball.png */ = {isa = PBXFileReference; lastKnownFileType = image.png; path = basketball.png; sourceTree = "<group>"; };
		4CE340411809F76E009A63A2 /* grayball.png */ = {isa = PBXFileReference; lastKnownFileType = image.png; path = grayball.png; sourceTree = "<group>"; };
		4CE340461809F880009A63A2 /* ZSMenuController.h */ = {isa = PBXFileReference; fileEncoding = 4; lastKnownFileType = sourcecode.c.h; path = ZSMenuController.h; sourceTree = "<group>"; };
		4CE340471809F880009A63A2 /* ZSMenuController.m */ = {isa = PBXFileReference; fileEncoding = 4; lastKnownFileType = sourcecode.c.objc; path = ZSMenuController.m; sourceTree = "<group>"; };
		4CE340491809FC57009A63A2 /* ZSSpriteController.h */ = {isa = PBXFileReference; fileEncoding = 4; lastKnownFileType = sourcecode.c.h; path = ZSSpriteController.h; sourceTree = "<group>"; };
		4CE3404A1809FC57009A63A2 /* ZSSpriteController.m */ = {isa = PBXFileReference; fileEncoding = 4; lastKnownFileType = sourcecode.c.objc; path = ZSSpriteController.m; sourceTree = "<group>"; };
		4CE3404C180A0154009A63A2 /* ZSInterpreterViewController.h */ = {isa = PBXFileReference; fileEncoding = 4; lastKnownFileType = sourcecode.c.h; path = ZSInterpreterViewController.h; sourceTree = "<group>"; };
		4CE3404D180A0154009A63A2 /* ZSInterpreterViewController.m */ = {isa = PBXFileReference; fileEncoding = 4; lastKnownFileType = sourcecode.c.objc; path = ZSInterpreterViewController.m; sourceTree = "<group>"; };
		4CF1CBAE17EF882A00636E0D /* Zuse.app */ = {isa = PBXFileReference; explicitFileType = wrapper.application; includeInIndex = 0; path = Zuse.app; sourceTree = BUILT_PRODUCTS_DIR; };
		4CF1CBB117EF882A00636E0D /* Foundation.framework */ = {isa = PBXFileReference; lastKnownFileType = wrapper.framework; name = Foundation.framework; path = System/Library/Frameworks/Foundation.framework; sourceTree = SDKROOT; };
		4CF1CBB317EF882A00636E0D /* CoreGraphics.framework */ = {isa = PBXFileReference; lastKnownFileType = wrapper.framework; name = CoreGraphics.framework; path = System/Library/Frameworks/CoreGraphics.framework; sourceTree = SDKROOT; };
		4CF1CBB517EF882A00636E0D /* UIKit.framework */ = {isa = PBXFileReference; lastKnownFileType = wrapper.framework; name = UIKit.framework; path = System/Library/Frameworks/UIKit.framework; sourceTree = SDKROOT; };
		4CF1CBB917EF882A00636E0D /* Zuse-Info.plist */ = {isa = PBXFileReference; lastKnownFileType = text.plist.xml; path = "Zuse-Info.plist"; sourceTree = "<group>"; };
		4CF1CBBB17EF882A00636E0D /* en */ = {isa = PBXFileReference; lastKnownFileType = text.plist.strings; name = en; path = en.lproj/InfoPlist.strings; sourceTree = "<group>"; };
		4CF1CBBD17EF882A00636E0D /* main.m */ = {isa = PBXFileReference; lastKnownFileType = sourcecode.c.objc; path = main.m; sourceTree = "<group>"; };
		4CF1CBBF17EF882A00636E0D /* Zuse-Prefix.pch */ = {isa = PBXFileReference; lastKnownFileType = sourcecode.c.h; path = "Zuse-Prefix.pch"; sourceTree = "<group>"; };
		4CF1CBC017EF882A00636E0D /* TCAppDelegate.h */ = {isa = PBXFileReference; lastKnownFileType = sourcecode.c.h; path = TCAppDelegate.h; sourceTree = "<group>"; };
		4CF1CBC117EF882A00636E0D /* TCAppDelegate.m */ = {isa = PBXFileReference; lastKnownFileType = sourcecode.c.objc; path = TCAppDelegate.m; sourceTree = "<group>"; };
		4CF1CBC417EF882A00636E0D /* Base */ = {isa = PBXFileReference; lastKnownFileType = file.storyboard; name = Base; path = Base.lproj/Main.storyboard; sourceTree = "<group>"; };
		4CF1CBC917EF882A00636E0D /* Images.xcassets */ = {isa = PBXFileReference; lastKnownFileType = folder.assetcatalog; path = Images.xcassets; sourceTree = "<group>"; };
		4CF1CBCF17EF882A00636E0D /* ZuseTests.xctest */ = {isa = PBXFileReference; explicitFileType = wrapper.cfbundle; includeInIndex = 0; path = ZuseTests.xctest; sourceTree = BUILT_PRODUCTS_DIR; };
		4CF1CBD017EF882A00636E0D /* XCTest.framework */ = {isa = PBXFileReference; lastKnownFileType = wrapper.framework; name = XCTest.framework; path = Library/Frameworks/XCTest.framework; sourceTree = DEVELOPER_DIR; };
		4CF1CBD817EF882A00636E0D /* ZuseTests-Info.plist */ = {isa = PBXFileReference; lastKnownFileType = text.plist.xml; path = "ZuseTests-Info.plist"; sourceTree = "<group>"; };
		4CF1CBDA17EF882A00636E0D /* en */ = {isa = PBXFileReference; lastKnownFileType = text.plist.strings; name = en; path = en.lproj/InfoPlist.strings; sourceTree = "<group>"; };
		4CF1CBF217EF89AB00636E0D /* TCSprite.h */ = {isa = PBXFileReference; fileEncoding = 4; lastKnownFileType = sourcecode.c.h; path = TCSprite.h; sourceTree = "<group>"; };
		4CF1CBF317EF89AB00636E0D /* TCSprite.m */ = {isa = PBXFileReference; fileEncoding = 4; lastKnownFileType = sourcecode.c.objc; path = TCSprite.m; sourceTree = "<group>"; };
		4CF1CBFB17EFDBE500636E0D /* TCSpriteTableView.h */ = {isa = PBXFileReference; fileEncoding = 4; lastKnownFileType = sourcecode.c.h; path = TCSpriteTableView.h; sourceTree = "<group>"; };
		4CF1CBFC17EFDBE500636E0D /* TCSpriteTableView.m */ = {isa = PBXFileReference; fileEncoding = 4; lastKnownFileType = sourcecode.c.objc; path = TCSpriteTableView.m; sourceTree = "<group>"; };
		4CF1CC0017EFE14A00636E0D /* dog.jpeg */ = {isa = PBXFileReference; lastKnownFileType = image.jpeg; path = dog.jpeg; sourceTree = "<group>"; };
		4CF1CC0117EFE14A00636E0D /* monkey.jpeg */ = {isa = PBXFileReference; lastKnownFileType = image.jpeg; path = monkey.jpeg; sourceTree = "<group>"; };
		4CF1CC0217EFE14A00636E0D /* sonic.jpeg */ = {isa = PBXFileReference; lastKnownFileType = image.jpeg; path = sonic.jpeg; sourceTree = "<group>"; };
		4CF1CC0317EFE14A00636E0D /* yoda.jpeg */ = {isa = PBXFileReference; lastKnownFileType = image.jpeg; path = yoda.jpeg; sourceTree = "<group>"; };
		4CF1CC0917EFE56800636E0D /* TCSpriteManager.h */ = {isa = PBXFileReference; fileEncoding = 4; lastKnownFileType = sourcecode.c.h; path = TCSpriteManager.h; sourceTree = "<group>"; };
		4CF1CC0A17EFE56800636E0D /* TCSpriteManager.m */ = {isa = PBXFileReference; fileEncoding = 4; lastKnownFileType = sourcecode.c.objc; path = TCSpriteManager.m; sourceTree = "<group>"; };
		4CF1CC0C17EFF64500636E0D /* TCSpriteView.h */ = {isa = PBXFileReference; fileEncoding = 4; lastKnownFileType = sourcecode.c.h; path = TCSpriteView.h; sourceTree = "<group>"; };
		4CF1CC0D17EFF64500636E0D /* TCSpriteView.m */ = {isa = PBXFileReference; fileEncoding = 4; lastKnownFileType = sourcecode.c.objc; path = TCSpriteView.m; sourceTree = "<group>"; };
		5F099D4417F1135300EB2AC7 /* INInterpreter.h */ = {isa = PBXFileReference; fileEncoding = 4; lastKnownFileType = sourcecode.c.h; path = INInterpreter.h; sourceTree = "<group>"; };
		5F099D4517F1135300EB2AC7 /* INInterpreter.m */ = {isa = PBXFileReference; fileEncoding = 4; lastKnownFileType = sourcecode.c.objc; path = INInterpreter.m; sourceTree = "<group>"; };
		5F099D4717F1136000EB2AC7 /* InterpreterTests.m */ = {isa = PBXFileReference; fileEncoding = 4; lastKnownFileType = sourcecode.c.objc; path = InterpreterTests.m; sourceTree = "<group>"; };
		5FBDDC3117FF2D2400A1037A /* ZSEditorViewController.h */ = {isa = PBXFileReference; fileEncoding = 4; lastKnownFileType = sourcecode.c.h; path = ZSEditorViewController.h; sourceTree = "<group>"; };
		5FBDDC3217FF2D2400A1037A /* ZSEditorViewController.m */ = {isa = PBXFileReference; fileEncoding = 4; lastKnownFileType = sourcecode.c.objc; path = ZSEditorViewController.m; sourceTree = "<group>"; };
		5FBDDC3317FF2D2400A1037A /* ZSPlaygroundViewController.h */ = {isa = PBXFileReference; fileEncoding = 4; lastKnownFileType = sourcecode.c.h; path = ZSPlaygroundViewController.h; sourceTree = "<group>"; };
		5FBDDC3417FF2D2400A1037A /* ZSPlaygroundViewController.m */ = {isa = PBXFileReference; fileEncoding = 4; lastKnownFileType = sourcecode.c.objc; path = ZSPlaygroundViewController.m; sourceTree = "<group>"; };
		5FBDDC3517FF2D2400A1037A /* ZSSuiteController.h */ = {isa = PBXFileReference; fileEncoding = 4; lastKnownFileType = sourcecode.c.h; path = ZSSuiteController.h; sourceTree = "<group>"; };
		5FBDDC3617FF2D2400A1037A /* ZSSuiteController.m */ = {isa = PBXFileReference; fileEncoding = 4; lastKnownFileType = sourcecode.c.objc; path = ZSSuiteController.m; sourceTree = "<group>"; };
		5FBDDC3A17FF2D5F00A1037A /* ZSCommandListTableView.h */ = {isa = PBXFileReference; fileEncoding = 4; lastKnownFileType = sourcecode.c.h; path = ZSCommandListTableView.h; sourceTree = "<group>"; };
		5FBDDC3B17FF2D5F00A1037A /* ZSCommandListTableView.m */ = {isa = PBXFileReference; fileEncoding = 4; lastKnownFileType = sourcecode.c.objc; path = ZSCommandListTableView.m; sourceTree = "<group>"; };
		A26E7A8391C049E78AB2860A /* libPods.a */ = {isa = PBXFileReference; explicitFileType = archive.ar; includeInIndex = 0; path = libPods.a; sourceTree = BUILT_PRODUCTS_DIR; };
		B2EA1C412CB64638977AE594 /* Pods.xcconfig */ = {isa = PBXFileReference; includeInIndex = 1; lastKnownFileType = text.xcconfig; name = Pods.xcconfig; path = Pods/Pods.xcconfig; sourceTree = "<group>"; };
/* End PBXFileReference section */

/* Begin PBXFrameworksBuildPhase section */
		4CF1CBAB17EF882A00636E0D /* Frameworks */ = {
			isa = PBXFrameworksBuildPhase;
			buildActionMask = 2147483647;
			files = (
				4CF1CBB417EF882A00636E0D /* CoreGraphics.framework in Frameworks */,
				4CF1CBB617EF882A00636E0D /* UIKit.framework in Frameworks */,
				4CF1CBB217EF882A00636E0D /* Foundation.framework in Frameworks */,
				F188741646A541119F9E0DE4 /* libPods.a in Frameworks */,
			);
			runOnlyForDeploymentPostprocessing = 0;
		};
		4CF1CBCC17EF882A00636E0D /* Frameworks */ = {
			isa = PBXFrameworksBuildPhase;
			buildActionMask = 2147483647;
			files = (
				4CF1CBD117EF882A00636E0D /* XCTest.framework in Frameworks */,
				4CF1CBD317EF882A00636E0D /* UIKit.framework in Frameworks */,
				4CF1CBD217EF882A00636E0D /* Foundation.framework in Frameworks */,
			);
			runOnlyForDeploymentPostprocessing = 0;
		};
/* End PBXFrameworksBuildPhase section */

/* Begin PBXGroup section */
		4CF1CBA517EF882A00636E0D = {
			isa = PBXGroup;
			children = (
				4CF1CBB717EF882A00636E0D /* Zuse */,
				4CF1CBD617EF882A00636E0D /* ZuseTests */,
				4CF1CBB017EF882A00636E0D /* Frameworks */,
				4CF1CBAF17EF882A00636E0D /* Products */,
				B2EA1C412CB64638977AE594 /* Pods.xcconfig */,
			);
			sourceTree = "<group>";
		};
		4CF1CBAF17EF882A00636E0D /* Products */ = {
			isa = PBXGroup;
			children = (
				4CF1CBAE17EF882A00636E0D /* Zuse.app */,
				4CF1CBCF17EF882A00636E0D /* ZuseTests.xctest */,
			);
			name = Products;
			sourceTree = "<group>";
		};
		4CF1CBB017EF882A00636E0D /* Frameworks */ = {
			isa = PBXGroup;
			children = (
				4CF1CBB117EF882A00636E0D /* Foundation.framework */,
				4CF1CBB317EF882A00636E0D /* CoreGraphics.framework */,
				4CF1CBB517EF882A00636E0D /* UIKit.framework */,
				4CF1CBD017EF882A00636E0D /* XCTest.framework */,
				A26E7A8391C049E78AB2860A /* libPods.a */,
			);
			name = Frameworks;
			sourceTree = "<group>";
		};
		4CF1CBB717EF882A00636E0D /* Zuse */ = {
			isa = PBXGroup;
			children = (
				5F099D4217F0E11200EB2AC7 /* Models */,
				5F099D4117F0E10600EB2AC7 /* Views */,
				5F099D4017F0E0F700EB2AC7 /* View Controllers */,
				4CF1CBC317EF882A00636E0D /* Main.storyboard */,
				4CF1CBC017EF882A00636E0D /* TCAppDelegate.h */,
				4CF1CBC117EF882A00636E0D /* TCAppDelegate.m */,
				4CF1CBB817EF882A00636E0D /* Supporting Files */,
			);
			path = Zuse;
			sourceTree = "<group>";
		};
		4CF1CBB817EF882A00636E0D /* Supporting Files */ = {
			isa = PBXGroup;
			children = (
				4CF1CBC917EF882A00636E0D /* Images.xcassets */,
				4CF1CBFE17EFE13C00636E0D /* images */,
				4CF1CBB917EF882A00636E0D /* Zuse-Info.plist */,
				4CF1CBBA17EF882A00636E0D /* InfoPlist.strings */,
				4CF1CBBD17EF882A00636E0D /* main.m */,
				4CF1CBBF17EF882A00636E0D /* Zuse-Prefix.pch */,
				4C0D470417FB800400F13786 /* TestProject.json */,
			);
			name = "Supporting Files";
			sourceTree = "<group>";
		};
		4CF1CBD617EF882A00636E0D /* ZuseTests */ = {
			isa = PBXGroup;
			children = (
				5F099D4717F1136000EB2AC7 /* InterpreterTests.m */,
				4CF1CBD717EF882A00636E0D /* Supporting Files */,
			);
			path = ZuseTests;
			sourceTree = "<group>";
		};
		4CF1CBD717EF882A00636E0D /* Supporting Files */ = {
			isa = PBXGroup;
			children = (
				4CF1CBD817EF882A00636E0D /* ZuseTests-Info.plist */,
				4CF1CBD917EF882A00636E0D /* InfoPlist.strings */,
			);
			name = "Supporting Files";
			sourceTree = "<group>";
		};
		4CF1CBFE17EFE13C00636E0D /* images */ = {
			isa = PBXGroup;
			children = (
				4CE340411809F76E009A63A2 /* grayball.png */,
				4CE3403F1809EDC1009A63A2 /* basketball.png */,
				4CE340371809DD4A009A63A2 /* Spaceship.png */,
				4CF1CC0017EFE14A00636E0D /* dog.jpeg */,
				4CF1CC0117EFE14A00636E0D /* monkey.jpeg */,
				4CF1CC0217EFE14A00636E0D /* sonic.jpeg */,
				4CF1CC0317EFE14A00636E0D /* yoda.jpeg */,
			);
			name = images;
			sourceTree = "<group>";
		};
		5F099D4017F0E0F700EB2AC7 /* View Controllers */ = {
			isa = PBXGroup;
			children = (
				4C0D470617FB927600F13786 /* ZSCanvasViewController.h */,
				4C0D470717FB927600F13786 /* ZSCanvasViewController.m */,
				5FBDDC3A17FF2D5F00A1037A /* ZSCommandListTableView.h */,
				5FBDDC3B17FF2D5F00A1037A /* ZSCommandListTableView.m */,
				5FBDDC3117FF2D2400A1037A /* ZSEditorViewController.h */,
				5FBDDC3217FF2D2400A1037A /* ZSEditorViewController.m */,
				4CE3404C180A0154009A63A2 /* ZSInterpreterViewController.h */,
				4CE3404D180A0154009A63A2 /* ZSInterpreterViewController.m */,
				5FBDDC3317FF2D2400A1037A /* ZSPlaygroundViewController.h */,
				5FBDDC3417FF2D2400A1037A /* ZSPlaygroundViewController.m */,
				4CE340311809DB3C009A63A2 /* ZSRendererControllerViewController.h */,
				4CE340321809DB3C009A63A2 /* ZSRendererControllerViewController.m */,
			);
			name = "View Controllers";
			sourceTree = "<group>";
		};
		5F099D4117F0E10600EB2AC7 /* Views */ = {
			isa = PBXGroup;
			children = (
				4CF1CBFB17EFDBE500636E0D /* TCSpriteTableView.h */,
				4CF1CBFC17EFDBE500636E0D /* TCSpriteTableView.m */,
				4CF1CC0C17EFF64500636E0D /* TCSpriteView.h */,
				4CF1CC0D17EFF64500636E0D /* TCSpriteView.m */,
				4CE340341809DCFD009A63A2 /* ZSScene.h */,
				4CE340351809DCFD009A63A2 /* ZSScene.m */,
			);
			name = Views;
			sourceTree = "<group>";
		};
		5F099D4217F0E11200EB2AC7 /* Models */ = {
			isa = PBXGroup;
			children = (
				5F099D4317F1133D00EB2AC7 /* Interpreter */,
				4CF1CBF217EF89AB00636E0D /* TCSprite.h */,
				4CF1CBF317EF89AB00636E0D /* TCSprite.m */,
				4CF1CC0917EFE56800636E0D /* TCSpriteManager.h */,
				4CF1CC0A17EFE56800636E0D /* TCSpriteManager.m */,
				4CE340461809F880009A63A2 /* ZSMenuController.h */,
				4CE340471809F880009A63A2 /* ZSMenuController.m */,
				4CE340491809FC57009A63A2 /* ZSSpriteController.h */,
				4CE3404A1809FC57009A63A2 /* ZSSpriteController.m */,
				5FBDDC3517FF2D2400A1037A /* ZSSuiteController.h */,
				5FBDDC3617FF2D2400A1037A /* ZSSuiteController.m */,
				4C7527301800D5C3002B41E6 /* ZSProgram.h */,
				4C7527311800D5C3002B41E6 /* ZSProgram.m */,
			);
			name = Models;
			sourceTree = "<group>";
		};
		5F099D4317F1133D00EB2AC7 /* Interpreter */ = {
			isa = PBXGroup;
			children = (
				5F099D4417F1135300EB2AC7 /* INInterpreter.h */,
				5F099D4517F1135300EB2AC7 /* INInterpreter.m */,
			);
			name = Interpreter;
			sourceTree = "<group>";
		};
/* End PBXGroup section */

/* Begin PBXNativeTarget section */
		4CF1CBAD17EF882A00636E0D /* Zuse */ = {
			isa = PBXNativeTarget;
			buildConfigurationList = 4CF1CBE017EF882A00636E0D /* Build configuration list for PBXNativeTarget "Zuse" */;
			buildPhases = (
				00A9A5AAC5E747128B266BDF /* Check Pods Manifest.lock */,
				4CF1CBAA17EF882A00636E0D /* Sources */,
				4CF1CBAB17EF882A00636E0D /* Frameworks */,
				4CF1CBAC17EF882A00636E0D /* Resources */,
				2F04D42D94174B9791980EE8 /* Copy Pods Resources */,
			);
			buildRules = (
			);
			dependencies = (
			);
			name = Zuse;
			productName = Zuse;
			productReference = 4CF1CBAE17EF882A00636E0D /* Zuse.app */;
			productType = "com.apple.product-type.application";
		};
		4CF1CBCE17EF882A00636E0D /* ZuseTests */ = {
			isa = PBXNativeTarget;
			buildConfigurationList = 4CF1CBE317EF882A00636E0D /* Build configuration list for PBXNativeTarget "ZuseTests" */;
			buildPhases = (
				4CF1CBCB17EF882A00636E0D /* Sources */,
				4CF1CBCC17EF882A00636E0D /* Frameworks */,
				4CF1CBCD17EF882A00636E0D /* Resources */,
			);
			buildRules = (
			);
			dependencies = (
				4CF1CBD517EF882A00636E0D /* PBXTargetDependency */,
			);
			name = ZuseTests;
			productName = ZuseTests;
			productReference = 4CF1CBCF17EF882A00636E0D /* ZuseTests.xctest */;
			productType = "com.apple.product-type.bundle.unit-test";
		};
/* End PBXNativeTarget section */

/* Begin PBXProject section */
		4CF1CBA617EF882A00636E0D /* Project object */ = {
			isa = PBXProject;
			attributes = {
				CLASSPREFIX = TC;
				LastUpgradeCheck = 0500;
				ORGANIZATIONNAME = "Michael Hogenson";
				TargetAttributes = {
					4CF1CBCE17EF882A00636E0D = {
						TestTargetID = 4CF1CBAD17EF882A00636E0D;
					};
				};
			};
			buildConfigurationList = 4CF1CBA917EF882A00636E0D /* Build configuration list for PBXProject "Zuse" */;
			compatibilityVersion = "Xcode 3.2";
			developmentRegion = English;
			hasScannedForEncodings = 0;
			knownRegions = (
				en,
				Base,
			);
			mainGroup = 4CF1CBA517EF882A00636E0D;
			productRefGroup = 4CF1CBAF17EF882A00636E0D /* Products */;
			projectDirPath = "";
			projectRoot = "";
			targets = (
				4CF1CBAD17EF882A00636E0D /* Zuse */,
				4CF1CBCE17EF882A00636E0D /* ZuseTests */,
			);
		};
/* End PBXProject section */

/* Begin PBXResourcesBuildPhase section */
		4CF1CBAC17EF882A00636E0D /* Resources */ = {
			isa = PBXResourcesBuildPhase;
			buildActionMask = 2147483647;
			files = (
				4CE340421809F76E009A63A2 /* grayball.png in Resources */,
				4CE340381809DD4A009A63A2 /* Spaceship.png in Resources */,
				4CF1CC0617EFE14A00636E0D /* monkey.jpeg in Resources */,
				4C0D470517FB800400F13786 /* TestProject.json in Resources */,
				4CF1CC0517EFE14A00636E0D /* dog.jpeg in Resources */,
				4CE340401809EDC1009A63A2 /* basketball.png in Resources */,
				4CF1CC0817EFE14A00636E0D /* yoda.jpeg in Resources */,
				4CF1CC0717EFE14A00636E0D /* sonic.jpeg in Resources */,
				4CF1CBCA17EF882A00636E0D /* Images.xcassets in Resources */,
				4CF1CBBC17EF882A00636E0D /* InfoPlist.strings in Resources */,
				4CF1CBC517EF882A00636E0D /* Main.storyboard in Resources */,
			);
			runOnlyForDeploymentPostprocessing = 0;
		};
		4CF1CBCD17EF882A00636E0D /* Resources */ = {
			isa = PBXResourcesBuildPhase;
			buildActionMask = 2147483647;
			files = (
				4CF1CBDB17EF882A00636E0D /* InfoPlist.strings in Resources */,
			);
			runOnlyForDeploymentPostprocessing = 0;
		};
/* End PBXResourcesBuildPhase section */

/* Begin PBXShellScriptBuildPhase section */
		00A9A5AAC5E747128B266BDF /* Check Pods Manifest.lock */ = {
			isa = PBXShellScriptBuildPhase;
			buildActionMask = 2147483647;
			files = (
			);
			inputPaths = (
			);
			name = "Check Pods Manifest.lock";
			outputPaths = (
			);
			runOnlyForDeploymentPostprocessing = 0;
			shellPath = /bin/sh;
			shellScript = "diff \"${PODS_ROOT}/../Podfile.lock\" \"${PODS_ROOT}/Manifest.lock\" > /dev/null\nif [[ $? != 0 ]] ; then\n    cat << EOM\nerror: The sandbox is not in sync with the Podfile.lock. Run 'pod install' or update your CocoaPods installation.\nEOM\n    exit 1\nfi\n";
			showEnvVarsInLog = 0;
		};
		2F04D42D94174B9791980EE8 /* Copy Pods Resources */ = {
			isa = PBXShellScriptBuildPhase;
			buildActionMask = 2147483647;
			files = (
			);
			inputPaths = (
			);
			name = "Copy Pods Resources";
			outputPaths = (
			);
			runOnlyForDeploymentPostprocessing = 0;
			shellPath = /bin/sh;
			shellScript = "\"${SRCROOT}/Pods/Pods-resources.sh\"\n";
			showEnvVarsInLog = 0;
		};
/* End PBXShellScriptBuildPhase section */

/* Begin PBXSourcesBuildPhase section */
		4CF1CBAA17EF882A00636E0D /* Sources */ = {
			isa = PBXSourcesBuildPhase;
			buildActionMask = 2147483647;
			files = (
				4CF1CBBE17EF882A00636E0D /* main.m in Sources */,
				5FBDDC3917FF2D2400A1037A /* ZSSuiteController.m in Sources */,
				4C7527321800D5C3002B41E6 /* ZSProgram.m in Sources */,
				4CE340481809F880009A63A2 /* ZSMenuController.m in Sources */,
				4CE3404E180A0154009A63A2 /* ZSInterpreterViewController.m in Sources */,
				4CF1CBC217EF882A00636E0D /* TCAppDelegate.m in Sources */,
				4CF1CC0B17EFE56800636E0D /* TCSpriteManager.m in Sources */,
				5FBDDC3717FF2D2400A1037A /* ZSEditorViewController.m in Sources */,
				4CE340361809DCFD009A63A2 /* ZSScene.m in Sources */,
				4CE340331809DB3C009A63A2 /* ZSRendererControllerViewController.m in Sources */,
				4CF1CC0E17EFF64500636E0D /* TCSpriteView.m in Sources */,
				5FBDDC3C17FF2D5F00A1037A /* ZSCommandListTableView.m in Sources */,
				4C0D470817FB927600F13786 /* ZSCanvasViewController.m in Sources */,
				4CE3404B1809FC57009A63A2 /* ZSSpriteController.m in Sources */,
				5FBDDC3817FF2D2400A1037A /* ZSPlaygroundViewController.m in Sources */,
				5F099D4617F1135300EB2AC7 /* INInterpreter.m in Sources */,
				4CF1CBFD17EFDBE500636E0D /* TCSpriteTableView.m in Sources */,
				4CF1CBF417EF89AB00636E0D /* TCSprite.m in Sources */,
			);
			runOnlyForDeploymentPostprocessing = 0;
		};
		4CF1CBCB17EF882A00636E0D /* Sources */ = {
			isa = PBXSourcesBuildPhase;
			buildActionMask = 2147483647;
			files = (
				5F099D4817F1136000EB2AC7 /* InterpreterTests.m in Sources */,
			);
			runOnlyForDeploymentPostprocessing = 0;
		};
/* End PBXSourcesBuildPhase section */

/* Begin PBXTargetDependency section */
		4CF1CBD517EF882A00636E0D /* PBXTargetDependency */ = {
			isa = PBXTargetDependency;
			target = 4CF1CBAD17EF882A00636E0D /* Zuse */;
			targetProxy = 4CF1CBD417EF882A00636E0D /* PBXContainerItemProxy */;
		};
/* End PBXTargetDependency section */

/* Begin PBXVariantGroup section */
		4CF1CBBA17EF882A00636E0D /* InfoPlist.strings */ = {
			isa = PBXVariantGroup;
			children = (
				4CF1CBBB17EF882A00636E0D /* en */,
			);
			name = InfoPlist.strings;
			sourceTree = "<group>";
		};
		4CF1CBC317EF882A00636E0D /* Main.storyboard */ = {
			isa = PBXVariantGroup;
			children = (
				4CF1CBC417EF882A00636E0D /* Base */,
			);
			name = Main.storyboard;
			sourceTree = "<group>";
		};
		4CF1CBD917EF882A00636E0D /* InfoPlist.strings */ = {
			isa = PBXVariantGroup;
			children = (
				4CF1CBDA17EF882A00636E0D /* en */,
			);
			name = InfoPlist.strings;
			sourceTree = "<group>";
		};
/* End PBXVariantGroup section */

/* Begin XCBuildConfiguration section */
		4CF1CBDE17EF882A00636E0D /* Debug */ = {
			isa = XCBuildConfiguration;
			buildSettings = {
				ALWAYS_SEARCH_USER_PATHS = NO;
				ARCHS = "$(ARCHS_STANDARD_INCLUDING_64_BIT)";
				CLANG_CXX_LANGUAGE_STANDARD = "gnu++0x";
				CLANG_CXX_LIBRARY = "libc++";
				CLANG_ENABLE_MODULES = YES;
				CLANG_ENABLE_OBJC_ARC = YES;
				CLANG_WARN_BOOL_CONVERSION = YES;
				CLANG_WARN_CONSTANT_CONVERSION = YES;
				CLANG_WARN_DIRECT_OBJC_ISA_USAGE = YES_ERROR;
				CLANG_WARN_EMPTY_BODY = YES;
				CLANG_WARN_ENUM_CONVERSION = YES;
				CLANG_WARN_INT_CONVERSION = YES;
				CLANG_WARN_OBJC_ROOT_CLASS = YES_ERROR;
				CLANG_WARN__DUPLICATE_METHOD_MATCH = YES;
				"CODE_SIGN_IDENTITY[sdk=iphoneos*]" = "iPhone Developer";
				COPY_PHASE_STRIP = NO;
				GCC_C_LANGUAGE_STANDARD = gnu99;
				GCC_DYNAMIC_NO_PIC = NO;
				GCC_OPTIMIZATION_LEVEL = 0;
				GCC_PREPROCESSOR_DEFINITIONS = (
					"DEBUG=1",
					"$(inherited)",
				);
				GCC_SYMBOLS_PRIVATE_EXTERN = NO;
				GCC_WARN_64_TO_32_BIT_CONVERSION = YES;
				GCC_WARN_ABOUT_RETURN_TYPE = YES_ERROR;
				GCC_WARN_UNDECLARED_SELECTOR = YES;
				GCC_WARN_UNINITIALIZED_AUTOS = YES;
				GCC_WARN_UNUSED_FUNCTION = YES;
				GCC_WARN_UNUSED_VARIABLE = YES;
				IPHONEOS_DEPLOYMENT_TARGET = 7.0;
				ONLY_ACTIVE_ARCH = YES;
				SDKROOT = iphoneos;
			};
			name = Debug;
		};
		4CF1CBDF17EF882A00636E0D /* Release */ = {
			isa = XCBuildConfiguration;
			buildSettings = {
				ALWAYS_SEARCH_USER_PATHS = NO;
				ARCHS = "$(ARCHS_STANDARD_INCLUDING_64_BIT)";
				CLANG_CXX_LANGUAGE_STANDARD = "gnu++0x";
				CLANG_CXX_LIBRARY = "libc++";
				CLANG_ENABLE_MODULES = YES;
				CLANG_ENABLE_OBJC_ARC = YES;
				CLANG_WARN_BOOL_CONVERSION = YES;
				CLANG_WARN_CONSTANT_CONVERSION = YES;
				CLANG_WARN_DIRECT_OBJC_ISA_USAGE = YES_ERROR;
				CLANG_WARN_EMPTY_BODY = YES;
				CLANG_WARN_ENUM_CONVERSION = YES;
				CLANG_WARN_INT_CONVERSION = YES;
				CLANG_WARN_OBJC_ROOT_CLASS = YES_ERROR;
				CLANG_WARN__DUPLICATE_METHOD_MATCH = YES;
				"CODE_SIGN_IDENTITY[sdk=iphoneos*]" = "iPhone Developer";
				COPY_PHASE_STRIP = YES;
				ENABLE_NS_ASSERTIONS = NO;
				GCC_C_LANGUAGE_STANDARD = gnu99;
				GCC_WARN_64_TO_32_BIT_CONVERSION = YES;
				GCC_WARN_ABOUT_RETURN_TYPE = YES_ERROR;
				GCC_WARN_UNDECLARED_SELECTOR = YES;
				GCC_WARN_UNINITIALIZED_AUTOS = YES;
				GCC_WARN_UNUSED_FUNCTION = YES;
				GCC_WARN_UNUSED_VARIABLE = YES;
				IPHONEOS_DEPLOYMENT_TARGET = 7.0;
				SDKROOT = iphoneos;
				VALIDATE_PRODUCT = YES;
			};
			name = Release;
		};
		4CF1CBE117EF882A00636E0D /* Debug */ = {
			isa = XCBuildConfiguration;
			baseConfigurationReference = B2EA1C412CB64638977AE594 /* Pods.xcconfig */;
			buildSettings = {
				ASSETCATALOG_COMPILER_APPICON_NAME = AppIcon;
				ASSETCATALOG_COMPILER_LAUNCHIMAGE_NAME = LaunchImage;
				GCC_PRECOMPILE_PREFIX_HEADER = YES;
				GCC_PREFIX_HEADER = "Zuse/Zuse-Prefix.pch";
				INFOPLIST_FILE = "Zuse/Zuse-Info.plist";
				PRODUCT_NAME = "$(TARGET_NAME)";
				WRAPPER_EXTENSION = app;
			};
			name = Debug;
		};
		4CF1CBE217EF882A00636E0D /* Release */ = {
			isa = XCBuildConfiguration;
			baseConfigurationReference = B2EA1C412CB64638977AE594 /* Pods.xcconfig */;
			buildSettings = {
				ASSETCATALOG_COMPILER_APPICON_NAME = AppIcon;
				ASSETCATALOG_COMPILER_LAUNCHIMAGE_NAME = LaunchImage;
				GCC_PRECOMPILE_PREFIX_HEADER = YES;
				GCC_PREFIX_HEADER = "Zuse/Zuse-Prefix.pch";
				INFOPLIST_FILE = "Zuse/Zuse-Info.plist";
				PRODUCT_NAME = "$(TARGET_NAME)";
				WRAPPER_EXTENSION = app;
			};
			name = Release;
		};
		4CF1CBE417EF882A00636E0D /* Debug */ = {
			isa = XCBuildConfiguration;
			buildSettings = {
				ARCHS = "$(ARCHS_STANDARD_INCLUDING_64_BIT)";
				BUNDLE_LOADER = "$(BUILT_PRODUCTS_DIR)/Zuse.app/Zuse";
				FRAMEWORK_SEARCH_PATHS = (
					"$(SDKROOT)/Developer/Library/Frameworks",
					"$(inherited)",
					"$(DEVELOPER_FRAMEWORKS_DIR)",
				);
				GCC_PRECOMPILE_PREFIX_HEADER = YES;
				GCC_PREFIX_HEADER = "Zuse/Zuse-Prefix.pch";
				GCC_PREPROCESSOR_DEFINITIONS = (
					"DEBUG=1",
					"$(inherited)",
				);
				INFOPLIST_FILE = "ZuseTests/ZuseTests-Info.plist";
				PRODUCT_NAME = "$(TARGET_NAME)";
				TEST_HOST = "$(BUNDLE_LOADER)";
				WRAPPER_EXTENSION = xctest;
			};
			name = Debug;
		};
		4CF1CBE517EF882A00636E0D /* Release */ = {
			isa = XCBuildConfiguration;
			buildSettings = {
				ARCHS = "$(ARCHS_STANDARD_INCLUDING_64_BIT)";
				BUNDLE_LOADER = "$(BUILT_PRODUCTS_DIR)/Zuse.app/Zuse";
				FRAMEWORK_SEARCH_PATHS = (
					"$(SDKROOT)/Developer/Library/Frameworks",
					"$(inherited)",
					"$(DEVELOPER_FRAMEWORKS_DIR)",
				);
				GCC_PRECOMPILE_PREFIX_HEADER = YES;
				GCC_PREFIX_HEADER = "Zuse/Zuse-Prefix.pch";
				INFOPLIST_FILE = "ZuseTests/ZuseTests-Info.plist";
				PRODUCT_NAME = "$(TARGET_NAME)";
				TEST_HOST = "$(BUNDLE_LOADER)";
				WRAPPER_EXTENSION = xctest;
			};
			name = Release;
		};
/* End XCBuildConfiguration section */

/* Begin XCConfigurationList section */
		4CF1CBA917EF882A00636E0D /* Build configuration list for PBXProject "Zuse" */ = {
			isa = XCConfigurationList;
			buildConfigurations = (
				4CF1CBDE17EF882A00636E0D /* Debug */,
				4CF1CBDF17EF882A00636E0D /* Release */,
			);
			defaultConfigurationIsVisible = 0;
			defaultConfigurationName = Release;
		};
		4CF1CBE017EF882A00636E0D /* Build configuration list for PBXNativeTarget "Zuse" */ = {
			isa = XCConfigurationList;
			buildConfigurations = (
				4CF1CBE117EF882A00636E0D /* Debug */,
				4CF1CBE217EF882A00636E0D /* Release */,
			);
			defaultConfigurationIsVisible = 0;
			defaultConfigurationName = Release;
		};
		4CF1CBE317EF882A00636E0D /* Build configuration list for PBXNativeTarget "ZuseTests" */ = {
			isa = XCConfigurationList;
			buildConfigurations = (
				4CF1CBE417EF882A00636E0D /* Debug */,
				4CF1CBE517EF882A00636E0D /* Release */,
			);
			defaultConfigurationIsVisible = 0;
			defaultConfigurationName = Release;
		};
/* End XCConfigurationList section */
	};
	rootObject = 4CF1CBA617EF882A00636E0D /* Project object */;
}
