// !$*UTF8*$!
{
	archiveVersion = 1;
	classes = {
	};
	objectVersion = 46;
	objects = {

/* Begin PBXBuildFile section */
		2C19FF02181ADBF400D10D2B /* ZSSarahTestViewController.m in Sources */ = {isa = PBXBuildFile; fileRef = 2C19FF01181ADBF400D10D2B /* ZSSarahTestViewController.m */; };
		2C19FF05181ADCB600D10D2B /* ZSSarahTestScene.m in Sources */ = {isa = PBXBuildFile; fileRef = 2C19FF04181ADCB600D10D2B /* ZSSarahTestScene.m */; };
		2C19FF0C181AE6B600D10D2B /* monster.png in Resources */ = {isa = PBXBuildFile; fileRef = 2C19FF06181AE6B600D10D2B /* monster.png */; };
		2C19FF0D181AE6B600D10D2B /* monster@2x.png in Resources */ = {isa = PBXBuildFile; fileRef = 2C19FF07181AE6B600D10D2B /* monster@2x.png */; };
		2C19FF0E181AE6B600D10D2B /* player.png in Resources */ = {isa = PBXBuildFile; fileRef = 2C19FF08181AE6B600D10D2B /* player.png */; };
		2C19FF0F181AE6B600D10D2B /* player@2x.png in Resources */ = {isa = PBXBuildFile; fileRef = 2C19FF09181AE6B600D10D2B /* player@2x.png */; };
		2C19FF10181AE6B600D10D2B /* projectile.png in Resources */ = {isa = PBXBuildFile; fileRef = 2C19FF0A181AE6B600D10D2B /* projectile.png */; };
		2C19FF11181AE6B600D10D2B /* projectile@2x.png in Resources */ = {isa = PBXBuildFile; fileRef = 2C19FF0B181AE6B600D10D2B /* projectile@2x.png */; };
		4C0D470517FB800400F13786 /* TestProject.json in Resources */ = {isa = PBXBuildFile; fileRef = 4C0D470417FB800400F13786 /* TestProject.json */; };
		4C0D470817FB927600F13786 /* ZSCanvasViewController.m in Sources */ = {isa = PBXBuildFile; fileRef = 4C0D470717FB927600F13786 /* ZSCanvasViewController.m */; };
		4C7527321800D5C3002B41E6 /* ZSProgram.m in Sources */ = {isa = PBXBuildFile; fileRef = 4C7527311800D5C3002B41E6 /* ZSProgram.m */; };
		4CE340331809DB3C009A63A2 /* ZSBallViewController.m in Sources */ = {isa = PBXBuildFile; fileRef = 4CE340321809DB3C009A63A2 /* ZSBallViewController.m */; };
		4CE340361809DCFD009A63A2 /* ZSScene.m in Sources */ = {isa = PBXBuildFile; fileRef = 4CE340351809DCFD009A63A2 /* ZSScene.m */; };
		4CE340401809EDC1009A63A2 /* basketball.png in Resources */ = {isa = PBXBuildFile; fileRef = 4CE3403F1809EDC1009A63A2 /* basketball.png */; };
		4CE340421809F76E009A63A2 /* grayball.png in Resources */ = {isa = PBXBuildFile; fileRef = 4CE340411809F76E009A63A2 /* grayball.png */; };
		4CE340481809F880009A63A2 /* ZSMenuController.m in Sources */ = {isa = PBXBuildFile; fileRef = 4CE340471809F880009A63A2 /* ZSMenuController.m */; };
		4CE3404B1809FC57009A63A2 /* ZSSpriteController.m in Sources */ = {isa = PBXBuildFile; fileRef = 4CE3404A1809FC57009A63A2 /* ZSSpriteController.m */; };
		4CE3404E180A0154009A63A2 /* ZSRendererViewController.m in Sources */ = {isa = PBXBuildFile; fileRef = 4CE3404D180A0154009A63A2 /* ZSRendererViewController.m */; };
		4CF1CBB217EF882A00636E0D /* Foundation.framework in Frameworks */ = {isa = PBXBuildFile; fileRef = 4CF1CBB117EF882A00636E0D /* Foundation.framework */; };
		4CF1CBB417EF882A00636E0D /* CoreGraphics.framework in Frameworks */ = {isa = PBXBuildFile; fileRef = 4CF1CBB317EF882A00636E0D /* CoreGraphics.framework */; };
		4CF1CBB617EF882A00636E0D /* UIKit.framework in Frameworks */ = {isa = PBXBuildFile; fileRef = 4CF1CBB517EF882A00636E0D /* UIKit.framework */; };
		4CF1CBBC17EF882A00636E0D /* InfoPlist.strings in Resources */ = {isa = PBXBuildFile; fileRef = 4CF1CBBA17EF882A00636E0D /* InfoPlist.strings */; };
		4CF1CBBE17EF882A00636E0D /* main.m in Sources */ = {isa = PBXBuildFile; fileRef = 4CF1CBBD17EF882A00636E0D /* main.m */; };
		4CF1CBC217EF882A00636E0D /* TCAppDelegate.m in Sources */ = {isa = PBXBuildFile; fileRef = 4CF1CBC117EF882A00636E0D /* TCAppDelegate.m */; };
		4CF1CBC517EF882A00636E0D /* Main.storyboard in Resources */ = {isa = PBXBuildFile; fileRef = 4CF1CBC317EF882A00636E0D /* Main.storyboard */; };
		4CF1CBCA17EF882A00636E0D /* Images.xcassets in Resources */ = {isa = PBXBuildFile; fileRef = 4CF1CBC917EF882A00636E0D /* Images.xcassets */; };
		4CF1CBD117EF882A00636E0D /* XCTest.framework in Frameworks */ = {isa = PBXBuildFile; fileRef = 4CF1CBD017EF882A00636E0D /* XCTest.framework */; };
		4CF1CBD217EF882A00636E0D /* Foundation.framework in Frameworks */ = {isa = PBXBuildFile; fileRef = 4CF1CBB117EF882A00636E0D /* Foundation.framework */; };
		4CF1CBD317EF882A00636E0D /* UIKit.framework in Frameworks */ = {isa = PBXBuildFile; fileRef = 4CF1CBB517EF882A00636E0D /* UIKit.framework */; };
		4CF1CBDB17EF882A00636E0D /* InfoPlist.strings in Resources */ = {isa = PBXBuildFile; fileRef = 4CF1CBD917EF882A00636E0D /* InfoPlist.strings */; };
		4CF1CBF417EF89AB00636E0D /* TCSprite.m in Sources */ = {isa = PBXBuildFile; fileRef = 4CF1CBF317EF89AB00636E0D /* TCSprite.m */; };
		4CF1CC0517EFE14A00636E0D /* dog.jpeg in Resources */ = {isa = PBXBuildFile; fileRef = 4CF1CC0017EFE14A00636E0D /* dog.jpeg */; };
		4CF1CC0617EFE14A00636E0D /* monkey.jpeg in Resources */ = {isa = PBXBuildFile; fileRef = 4CF1CC0117EFE14A00636E0D /* monkey.jpeg */; };
		4CF1CC0717EFE14A00636E0D /* sonic.jpeg in Resources */ = {isa = PBXBuildFile; fileRef = 4CF1CC0217EFE14A00636E0D /* sonic.jpeg */; };
		4CF1CC0817EFE14A00636E0D /* yoda.jpeg in Resources */ = {isa = PBXBuildFile; fileRef = 4CF1CC0317EFE14A00636E0D /* yoda.jpeg */; };
		4CF1CC0E17EFF64500636E0D /* TCSpriteView.m in Sources */ = {isa = PBXBuildFile; fileRef = 4CF1CC0D17EFF64500636E0D /* TCSpriteView.m */; };
		5F099D4817F1136000EB2AC7 /* InterpreterTests.m in Sources */ = {isa = PBXBuildFile; fileRef = 5F099D4717F1136000EB2AC7 /* InterpreterTests.m */; };
		5F1B5BA31837E05A00632DE6 /* pong_no_traits.json in Resources */ = {isa = PBXBuildFile; fileRef = 5F1B5BA21837E05A00632DE6 /* pong_no_traits.json */; };
		5F1B5BA61837EE7800632DE6 /* ZSCompiler.m in Sources */ = {isa = PBXBuildFile; fileRef = 5F1B5BA51837EE7800632DE6 /* ZSCompiler.m */; };
		5F1B5BA71838109600632DE6 /* ZSInterpreter.m in Sources */ = {isa = PBXBuildFile; fileRef = 5F099D4517F1135300EB2AC7 /* ZSInterpreter.m */; };
		5F41ACB11833DCFE0089D136 /* pong_compiled.json in Resources */ = {isa = PBXBuildFile; fileRef = 5F41ACB01833DCFE0089D136 /* pong_compiled.json */; };
		5F41ACB31833DE6D0089D136 /* scope.json in Resources */ = {isa = PBXBuildFile; fileRef = 5F41ACB21833DE6D0089D136 /* scope.json */; };
		5F41ACB5183411800089D136 /* events_scope.json in Resources */ = {isa = PBXBuildFile; fileRef = 5F41ACB4183411800089D136 /* events_scope.json */; };
		5F41ACB818341C980089D136 /* ZSExecutionContext.m in Sources */ = {isa = PBXBuildFile; fileRef = 5F41ACB718341C980089D136 /* ZSExecutionContext.m */; };
		5FBDDC3717FF2D2400A1037A /* ZSEditorViewController.m in Sources */ = {isa = PBXBuildFile; fileRef = 5FBDDC3217FF2D2400A1037A /* ZSEditorViewController.m */; };
		5FBDDC3817FF2D2400A1037A /* ZSPlaygroundViewController.m in Sources */ = {isa = PBXBuildFile; fileRef = 5FBDDC3417FF2D2400A1037A /* ZSPlaygroundViewController.m */; };
		5FBDDC3917FF2D2400A1037A /* ZSSuiteController.m in Sources */ = {isa = PBXBuildFile; fileRef = 5FBDDC3617FF2D2400A1037A /* ZSSuiteController.m */; };
		5FEFB89A182B5376007DAFCF /* pong.json in Resources */ = {isa = PBXBuildFile; fileRef = 5FEFB899182B5376007DAFCF /* pong.json */; };
		78346A0A183C623400540D54 /* ZSCodeObject.m in Sources */ = {isa = PBXBuildFile; fileRef = 78346A09183C623400540D54 /* ZSCodeObject.m */; };
		7855BCBE1837F47E006493F9 /* ZSCodeBoolExpression.m in Sources */ = {isa = PBXBuildFile; fileRef = 7855BCB11837F47E006493F9 /* ZSCodeBoolExpression.m */; };
		7855BCBF1837F47E006493F9 /* ZSCodeCallStatement.m in Sources */ = {isa = PBXBuildFile; fileRef = 7855BCB31837F47E006493F9 /* ZSCodeCallStatement.m */; };
		7855BCC01837F47E006493F9 /* ZSCodeIfStatement.m in Sources */ = {isa = PBXBuildFile; fileRef = 7855BCB51837F47E006493F9 /* ZSCodeIfStatement.m */; };
		7855BCC11837F47E006493F9 /* ZSCodeLine.m in Sources */ = {isa = PBXBuildFile; fileRef = 7855BCB71837F47E006493F9 /* ZSCodeLine.m */; };
		7855BCC21837F47E006493F9 /* ZSCodeSetStatement.m in Sources */ = {isa = PBXBuildFile; fileRef = 7855BCB91837F47E006493F9 /* ZSCodeSetStatement.m */; };
		7855BCC31837F47E006493F9 /* ZSCodeStatement.m in Sources */ = {isa = PBXBuildFile; fileRef = 7855BCBB1837F47E006493F9 /* ZSCodeStatement.m */; };
		7855BCC41837F47E006493F9 /* ZSCodeSuite.m in Sources */ = {isa = PBXBuildFile; fileRef = 7855BCBD1837F47E006493F9 /* ZSCodeSuite.m */; };
		7855BCCA1837FA97006493F9 /* ZSCodeEditorViewController.m in Sources */ = {isa = PBXBuildFile; fileRef = 7855BCC91837FA97006493F9 /* ZSCodeEditorViewController.m */; };
		7855BCCD1837FB6D006493F9 /* ZSSetStatementEditorViewController.m in Sources */ = {isa = PBXBuildFile; fileRef = 7855BCCC1837FB6D006493F9 /* ZSSetStatementEditorViewController.m */; };
		7855BCD01837FB8A006493F9 /* ZSIfStatementEditorViewController.m in Sources */ = {isa = PBXBuildFile; fileRef = 7855BCCF1837FB8A006493F9 /* ZSIfStatementEditorViewController.m */; };
		7855BCD31837FBA7006493F9 /* ZSCallStatementEditorViewController.m in Sources */ = {isa = PBXBuildFile; fileRef = 7855BCD21837FBA7006493F9 /* ZSCallStatementEditorViewController.m */; };
		78F79EB61839BC9E00012726 /* ZSCodeOnEventStatement.m in Sources */ = {isa = PBXBuildFile; fileRef = 78F79EB51839BC9E00012726 /* ZSCodeOnEventStatement.m */; };
		78F79EB8183A8C0300012726 /* TCCodeEditor.m in Sources */ = {isa = PBXBuildFile; fileRef = 78F79EB7183A8C0300012726 /* TCCodeEditor.m */; };
		F188741646A541119F9E0DE4 /* libPods.a in Frameworks */ = {isa = PBXBuildFile; fileRef = A26E7A8391C049E78AB2860A /* libPods.a */; };
/* End PBXBuildFile section */

/* Begin PBXContainerItemProxy section */
		4CF1CBD417EF882A00636E0D /* PBXContainerItemProxy */ = {
			isa = PBXContainerItemProxy;
			containerPortal = 4CF1CBA617EF882A00636E0D /* Project object */;
			proxyType = 1;
			remoteGlobalIDString = 4CF1CBAD17EF882A00636E0D;
			remoteInfo = Zuse;
		};
/* End PBXContainerItemProxy section */

/* Begin PBXFileReference section */
		2C19FF00181ADBF400D10D2B /* ZSSarahTestViewController.h */ = {isa = PBXFileReference; fileEncoding = 4; lastKnownFileType = sourcecode.c.h; path = ZSSarahTestViewController.h; sourceTree = "<group>"; };
		2C19FF01181ADBF400D10D2B /* ZSSarahTestViewController.m */ = {isa = PBXFileReference; fileEncoding = 4; lastKnownFileType = sourcecode.c.objc; path = ZSSarahTestViewController.m; sourceTree = "<group>"; };
		2C19FF03181ADCB600D10D2B /* ZSSarahTestScene.h */ = {isa = PBXFileReference; fileEncoding = 4; lastKnownFileType = sourcecode.c.h; path = ZSSarahTestScene.h; sourceTree = "<group>"; };
		2C19FF04181ADCB600D10D2B /* ZSSarahTestScene.m */ = {isa = PBXFileReference; fileEncoding = 4; lastKnownFileType = sourcecode.c.objc; path = ZSSarahTestScene.m; sourceTree = "<group>"; };
		2C19FF06181AE6B600D10D2B /* monster.png */ = {isa = PBXFileReference; lastKnownFileType = image.png; path = monster.png; sourceTree = "<group>"; };
		2C19FF07181AE6B600D10D2B /* monster@2x.png */ = {isa = PBXFileReference; lastKnownFileType = image.png; path = "monster@2x.png"; sourceTree = "<group>"; };
		2C19FF08181AE6B600D10D2B /* player.png */ = {isa = PBXFileReference; lastKnownFileType = image.png; path = player.png; sourceTree = "<group>"; };
		2C19FF09181AE6B600D10D2B /* player@2x.png */ = {isa = PBXFileReference; lastKnownFileType = image.png; path = "player@2x.png"; sourceTree = "<group>"; };
		2C19FF0A181AE6B600D10D2B /* projectile.png */ = {isa = PBXFileReference; lastKnownFileType = image.png; path = projectile.png; sourceTree = "<group>"; };
		2C19FF0B181AE6B600D10D2B /* projectile@2x.png */ = {isa = PBXFileReference; lastKnownFileType = image.png; path = "projectile@2x.png"; sourceTree = "<group>"; };
		4C0D470417FB800400F13786 /* TestProject.json */ = {isa = PBXFileReference; fileEncoding = 4; lastKnownFileType = text.json; name = TestProject.json; path = JSON/TestProject.json; sourceTree = "<group>"; };
		4C0D470617FB927600F13786 /* ZSCanvasViewController.h */ = {isa = PBXFileReference; fileEncoding = 4; lastKnownFileType = sourcecode.c.h; path = ZSCanvasViewController.h; sourceTree = "<group>"; };
		4C0D470717FB927600F13786 /* ZSCanvasViewController.m */ = {isa = PBXFileReference; fileEncoding = 4; lastKnownFileType = sourcecode.c.objc; path = ZSCanvasViewController.m; sourceTree = "<group>"; };
		4C7527301800D5C3002B41E6 /* ZSProgram.h */ = {isa = PBXFileReference; fileEncoding = 4; lastKnownFileType = sourcecode.c.h; path = ZSProgram.h; sourceTree = "<group>"; };
		4C7527311800D5C3002B41E6 /* ZSProgram.m */ = {isa = PBXFileReference; fileEncoding = 4; lastKnownFileType = sourcecode.c.objc; path = ZSProgram.m; sourceTree = "<group>"; };
		4CE340311809DB3C009A63A2 /* ZSBallViewController.h */ = {isa = PBXFileReference; fileEncoding = 4; lastKnownFileType = sourcecode.c.h; path = ZSBallViewController.h; sourceTree = "<group>"; };
		4CE340321809DB3C009A63A2 /* ZSBallViewController.m */ = {isa = PBXFileReference; fileEncoding = 4; lastKnownFileType = sourcecode.c.objc; path = ZSBallViewController.m; sourceTree = "<group>"; };
		4CE340341809DCFD009A63A2 /* ZSScene.h */ = {isa = PBXFileReference; fileEncoding = 4; lastKnownFileType = sourcecode.c.h; path = ZSScene.h; sourceTree = "<group>"; };
		4CE340351809DCFD009A63A2 /* ZSScene.m */ = {isa = PBXFileReference; fileEncoding = 4; lastKnownFileType = sourcecode.c.objc; path = ZSScene.m; sourceTree = "<group>"; };
		4CE3403F1809EDC1009A63A2 /* basketball.png */ = {isa = PBXFileReference; lastKnownFileType = image.png; path = basketball.png; sourceTree = "<group>"; };
		4CE340411809F76E009A63A2 /* grayball.png */ = {isa = PBXFileReference; lastKnownFileType = image.png; path = grayball.png; sourceTree = "<group>"; };
		4CE340461809F880009A63A2 /* ZSMenuController.h */ = {isa = PBXFileReference; fileEncoding = 4; lastKnownFileType = sourcecode.c.h; path = ZSMenuController.h; sourceTree = "<group>"; };
		4CE340471809F880009A63A2 /* ZSMenuController.m */ = {isa = PBXFileReference; fileEncoding = 4; lastKnownFileType = sourcecode.c.objc; path = ZSMenuController.m; sourceTree = "<group>"; };
		4CE340491809FC57009A63A2 /* ZSSpriteController.h */ = {isa = PBXFileReference; fileEncoding = 4; lastKnownFileType = sourcecode.c.h; path = ZSSpriteController.h; sourceTree = "<group>"; };
		4CE3404A1809FC57009A63A2 /* ZSSpriteController.m */ = {isa = PBXFileReference; fileEncoding = 4; lastKnownFileType = sourcecode.c.objc; path = ZSSpriteController.m; sourceTree = "<group>"; };
		4CE3404C180A0154009A63A2 /* ZSRendererViewController.h */ = {isa = PBXFileReference; fileEncoding = 4; lastKnownFileType = sourcecode.c.h; path = ZSRendererViewController.h; sourceTree = "<group>"; };
		4CE3404D180A0154009A63A2 /* ZSRendererViewController.m */ = {isa = PBXFileReference; fileEncoding = 4; lastKnownFileType = sourcecode.c.objc; path = ZSRendererViewController.m; sourceTree = "<group>"; };
		4CF1CBAE17EF882A00636E0D /* Zuse.app */ = {isa = PBXFileReference; explicitFileType = wrapper.application; includeInIndex = 0; path = Zuse.app; sourceTree = BUILT_PRODUCTS_DIR; };
		4CF1CBB117EF882A00636E0D /* Foundation.framework */ = {isa = PBXFileReference; lastKnownFileType = wrapper.framework; name = Foundation.framework; path = System/Library/Frameworks/Foundation.framework; sourceTree = SDKROOT; };
		4CF1CBB317EF882A00636E0D /* CoreGraphics.framework */ = {isa = PBXFileReference; lastKnownFileType = wrapper.framework; name = CoreGraphics.framework; path = System/Library/Frameworks/CoreGraphics.framework; sourceTree = SDKROOT; };
		4CF1CBB517EF882A00636E0D /* UIKit.framework */ = {isa = PBXFileReference; lastKnownFileType = wrapper.framework; name = UIKit.framework; path = System/Library/Frameworks/UIKit.framework; sourceTree = SDKROOT; };
		4CF1CBB917EF882A00636E0D /* Zuse-Info.plist */ = {isa = PBXFileReference; lastKnownFileType = text.plist.xml; path = "Zuse-Info.plist"; sourceTree = "<group>"; };
		4CF1CBBB17EF882A00636E0D /* en */ = {isa = PBXFileReference; lastKnownFileType = text.plist.strings; name = en; path = en.lproj/InfoPlist.strings; sourceTree = "<group>"; };
		4CF1CBBD17EF882A00636E0D /* main.m */ = {isa = PBXFileReference; lastKnownFileType = sourcecode.c.objc; path = main.m; sourceTree = "<group>"; };
		4CF1CBBF17EF882A00636E0D /* Zuse-Prefix.pch */ = {isa = PBXFileReference; lastKnownFileType = sourcecode.c.h; path = "Zuse-Prefix.pch"; sourceTree = "<group>"; };
		4CF1CBC017EF882A00636E0D /* TCAppDelegate.h */ = {isa = PBXFileReference; lastKnownFileType = sourcecode.c.h; path = TCAppDelegate.h; sourceTree = "<group>"; };
		4CF1CBC117EF882A00636E0D /* TCAppDelegate.m */ = {isa = PBXFileReference; lastKnownFileType = sourcecode.c.objc; path = TCAppDelegate.m; sourceTree = "<group>"; };
		4CF1CBC417EF882A00636E0D /* Base */ = {isa = PBXFileReference; lastKnownFileType = file.storyboard; name = Base; path = Base.lproj/Main.storyboard; sourceTree = "<group>"; };
		4CF1CBC917EF882A00636E0D /* Images.xcassets */ = {isa = PBXFileReference; lastKnownFileType = folder.assetcatalog; path = Images.xcassets; sourceTree = "<group>"; };
		4CF1CBCF17EF882A00636E0D /* ZuseTests.xctest */ = {isa = PBXFileReference; explicitFileType = wrapper.cfbundle; includeInIndex = 0; path = ZuseTests.xctest; sourceTree = BUILT_PRODUCTS_DIR; };
		4CF1CBD017EF882A00636E0D /* XCTest.framework */ = {isa = PBXFileReference; lastKnownFileType = wrapper.framework; name = XCTest.framework; path = Library/Frameworks/XCTest.framework; sourceTree = DEVELOPER_DIR; };
		4CF1CBD817EF882A00636E0D /* ZuseTests-Info.plist */ = {isa = PBXFileReference; lastKnownFileType = text.plist.xml; path = "ZuseTests-Info.plist"; sourceTree = "<group>"; };
		4CF1CBDA17EF882A00636E0D /* en */ = {isa = PBXFileReference; lastKnownFileType = text.plist.strings; name = en; path = en.lproj/InfoPlist.strings; sourceTree = "<group>"; };
		4CF1CBF217EF89AB00636E0D /* TCSprite.h */ = {isa = PBXFileReference; fileEncoding = 4; lastKnownFileType = sourcecode.c.h; path = TCSprite.h; sourceTree = "<group>"; };
		4CF1CBF317EF89AB00636E0D /* TCSprite.m */ = {isa = PBXFileReference; fileEncoding = 4; lastKnownFileType = sourcecode.c.objc; path = TCSprite.m; sourceTree = "<group>"; };
		4CF1CC0017EFE14A00636E0D /* dog.jpeg */ = {isa = PBXFileReference; lastKnownFileType = image.jpeg; path = dog.jpeg; sourceTree = "<group>"; };
		4CF1CC0117EFE14A00636E0D /* monkey.jpeg */ = {isa = PBXFileReference; lastKnownFileType = image.jpeg; path = monkey.jpeg; sourceTree = "<group>"; };
		4CF1CC0217EFE14A00636E0D /* sonic.jpeg */ = {isa = PBXFileReference; lastKnownFileType = image.jpeg; path = sonic.jpeg; sourceTree = "<group>"; };
		4CF1CC0317EFE14A00636E0D /* yoda.jpeg */ = {isa = PBXFileReference; lastKnownFileType = image.jpeg; path = yoda.jpeg; sourceTree = "<group>"; };
		4CF1CC0C17EFF64500636E0D /* TCSpriteView.h */ = {isa = PBXFileReference; fileEncoding = 4; lastKnownFileType = sourcecode.c.h; path = TCSpriteView.h; sourceTree = "<group>"; };
		4CF1CC0D17EFF64500636E0D /* TCSpriteView.m */ = {isa = PBXFileReference; fileEncoding = 4; lastKnownFileType = sourcecode.c.objc; path = TCSpriteView.m; sourceTree = "<group>"; };
		5F099D4417F1135300EB2AC7 /* ZSInterpreter.h */ = {isa = PBXFileReference; fileEncoding = 4; lastKnownFileType = sourcecode.c.h; path = ZSInterpreter.h; sourceTree = "<group>"; };
		5F099D4517F1135300EB2AC7 /* ZSInterpreter.m */ = {isa = PBXFileReference; fileEncoding = 4; lastKnownFileType = sourcecode.c.objc; path = ZSInterpreter.m; sourceTree = "<group>"; };
		5F099D4717F1136000EB2AC7 /* InterpreterTests.m */ = {isa = PBXFileReference; fileEncoding = 4; lastKnownFileType = sourcecode.c.objc; path = InterpreterTests.m; sourceTree = "<group>"; };
		5F1B5BA21837E05A00632DE6 /* pong_no_traits.json */ = {isa = PBXFileReference; fileEncoding = 4; lastKnownFileType = text.json; name = pong_no_traits.json; path = JSON/pong_no_traits.json; sourceTree = "<group>"; };
		5F1B5BA41837EE7800632DE6 /* ZSCompiler.h */ = {isa = PBXFileReference; fileEncoding = 4; lastKnownFileType = sourcecode.c.h; path = ZSCompiler.h; sourceTree = "<group>"; };
		5F1B5BA51837EE7800632DE6 /* ZSCompiler.m */ = {isa = PBXFileReference; fileEncoding = 4; lastKnownFileType = sourcecode.c.objc; path = ZSCompiler.m; sourceTree = "<group>"; };
		5F41ACB01833DCFE0089D136 /* pong_compiled.json */ = {isa = PBXFileReference; fileEncoding = 4; lastKnownFileType = text.json; name = pong_compiled.json; path = JSON/pong_compiled.json; sourceTree = "<group>"; };
		5F41ACB21833DE6D0089D136 /* scope.json */ = {isa = PBXFileReference; fileEncoding = 4; lastKnownFileType = text.json; name = scope.json; path = CodeSamles/scope.json; sourceTree = "<group>"; };
		5F41ACB4183411800089D136 /* events_scope.json */ = {isa = PBXFileReference; fileEncoding = 4; lastKnownFileType = text.json; name = events_scope.json; path = CodeSamles/events_scope.json; sourceTree = "<group>"; };
		5F41ACB618341C980089D136 /* ZSExecutionContext.h */ = {isa = PBXFileReference; fileEncoding = 4; lastKnownFileType = sourcecode.c.h; path = ZSExecutionContext.h; sourceTree = "<group>"; };
		5F41ACB718341C980089D136 /* ZSExecutionContext.m */ = {isa = PBXFileReference; fileEncoding = 4; lastKnownFileType = sourcecode.c.objc; path = ZSExecutionContext.m; sourceTree = "<group>"; };
		5FBDDC3117FF2D2400A1037A /* ZSEditorViewController.h */ = {isa = PBXFileReference; fileEncoding = 4; lastKnownFileType = sourcecode.c.h; path = ZSEditorViewController.h; sourceTree = "<group>"; };
		5FBDDC3217FF2D2400A1037A /* ZSEditorViewController.m */ = {isa = PBXFileReference; fileEncoding = 4; lastKnownFileType = sourcecode.c.objc; path = ZSEditorViewController.m; sourceTree = "<group>"; };
		5FBDDC3317FF2D2400A1037A /* ZSPlaygroundViewController.h */ = {isa = PBXFileReference; fileEncoding = 4; lastKnownFileType = sourcecode.c.h; path = ZSPlaygroundViewController.h; sourceTree = "<group>"; };
		5FBDDC3417FF2D2400A1037A /* ZSPlaygroundViewController.m */ = {isa = PBXFileReference; fileEncoding = 4; lastKnownFileType = sourcecode.c.objc; path = ZSPlaygroundViewController.m; sourceTree = "<group>"; };
		5FBDDC3517FF2D2400A1037A /* ZSSuiteController.h */ = {isa = PBXFileReference; fileEncoding = 4; lastKnownFileType = sourcecode.c.h; path = ZSSuiteController.h; sourceTree = "<group>"; };
		5FBDDC3617FF2D2400A1037A /* ZSSuiteController.m */ = {isa = PBXFileReference; fileEncoding = 4; lastKnownFileType = sourcecode.c.objc; path = ZSSuiteController.m; sourceTree = "<group>"; };
		5FEFB899182B5376007DAFCF /* pong.json */ = {isa = PBXFileReference; fileEncoding = 4; lastKnownFileType = text.json; name = pong.json; path = JSON/pong.json; sourceTree = "<group>"; };
		78346A08183C623400540D54 /* ZSCodeObject.h */ = {isa = PBXFileReference; fileEncoding = 4; lastKnownFileType = sourcecode.c.h; path = ZSCodeObject.h; sourceTree = "<group>"; };
		78346A09183C623400540D54 /* ZSCodeObject.m */ = {isa = PBXFileReference; fileEncoding = 4; lastKnownFileType = sourcecode.c.objc; path = ZSCodeObject.m; sourceTree = "<group>"; };
		7855BCB01837F47E006493F9 /* ZSCodeBoolExpression.h */ = {isa = PBXFileReference; fileEncoding = 4; lastKnownFileType = sourcecode.c.h; path = ZSCodeBoolExpression.h; sourceTree = "<group>"; };
		7855BCB11837F47E006493F9 /* ZSCodeBoolExpression.m */ = {isa = PBXFileReference; fileEncoding = 4; lastKnownFileType = sourcecode.c.objc; path = ZSCodeBoolExpression.m; sourceTree = "<group>"; };
		7855BCB21837F47E006493F9 /* ZSCodeCallStatement.h */ = {isa = PBXFileReference; fileEncoding = 4; lastKnownFileType = sourcecode.c.h; path = ZSCodeCallStatement.h; sourceTree = "<group>"; };
		7855BCB31837F47E006493F9 /* ZSCodeCallStatement.m */ = {isa = PBXFileReference; fileEncoding = 4; lastKnownFileType = sourcecode.c.objc; path = ZSCodeCallStatement.m; sourceTree = "<group>"; };
		7855BCB41837F47E006493F9 /* ZSCodeIfStatement.h */ = {isa = PBXFileReference; fileEncoding = 4; lastKnownFileType = sourcecode.c.h; path = ZSCodeIfStatement.h; sourceTree = "<group>"; };
		7855BCB51837F47E006493F9 /* ZSCodeIfStatement.m */ = {isa = PBXFileReference; fileEncoding = 4; lastKnownFileType = sourcecode.c.objc; path = ZSCodeIfStatement.m; sourceTree = "<group>"; };
		7855BCB61837F47E006493F9 /* ZSCodeLine.h */ = {isa = PBXFileReference; fileEncoding = 4; lastKnownFileType = sourcecode.c.h; path = ZSCodeLine.h; sourceTree = "<group>"; };
		7855BCB71837F47E006493F9 /* ZSCodeLine.m */ = {isa = PBXFileReference; fileEncoding = 4; lastKnownFileType = sourcecode.c.objc; path = ZSCodeLine.m; sourceTree = "<group>"; };
		7855BCB81837F47E006493F9 /* ZSCodeSetStatement.h */ = {isa = PBXFileReference; fileEncoding = 4; lastKnownFileType = sourcecode.c.h; path = ZSCodeSetStatement.h; sourceTree = "<group>"; };
		7855BCB91837F47E006493F9 /* ZSCodeSetStatement.m */ = {isa = PBXFileReference; fileEncoding = 4; lastKnownFileType = sourcecode.c.objc; path = ZSCodeSetStatement.m; sourceTree = "<group>"; };
		7855BCBA1837F47E006493F9 /* ZSCodeStatement.h */ = {isa = PBXFileReference; fileEncoding = 4; lastKnownFileType = sourcecode.c.h; path = ZSCodeStatement.h; sourceTree = "<group>"; };
		7855BCBB1837F47E006493F9 /* ZSCodeStatement.m */ = {isa = PBXFileReference; fileEncoding = 4; lastKnownFileType = sourcecode.c.objc; path = ZSCodeStatement.m; sourceTree = "<group>"; };
		7855BCBC1837F47E006493F9 /* ZSCodeSuite.h */ = {isa = PBXFileReference; fileEncoding = 4; lastKnownFileType = sourcecode.c.h; path = ZSCodeSuite.h; sourceTree = "<group>"; };
		7855BCBD1837F47E006493F9 /* ZSCodeSuite.m */ = {isa = PBXFileReference; fileEncoding = 4; lastKnownFileType = sourcecode.c.objc; path = ZSCodeSuite.m; sourceTree = "<group>"; };
		7855BCC81837FA97006493F9 /* ZSCodeEditorViewController.h */ = {isa = PBXFileReference; fileEncoding = 4; lastKnownFileType = sourcecode.c.h; path = ZSCodeEditorViewController.h; sourceTree = "<group>"; };
		7855BCC91837FA97006493F9 /* ZSCodeEditorViewController.m */ = {isa = PBXFileReference; fileEncoding = 4; lastKnownFileType = sourcecode.c.objc; path = ZSCodeEditorViewController.m; sourceTree = "<group>"; };
		7855BCCB1837FB6D006493F9 /* ZSSetStatementEditorViewController.h */ = {isa = PBXFileReference; fileEncoding = 4; lastKnownFileType = sourcecode.c.h; path = ZSSetStatementEditorViewController.h; sourceTree = "<group>"; };
		7855BCCC1837FB6D006493F9 /* ZSSetStatementEditorViewController.m */ = {isa = PBXFileReference; fileEncoding = 4; lastKnownFileType = sourcecode.c.objc; path = ZSSetStatementEditorViewController.m; sourceTree = "<group>"; };
		7855BCCE1837FB8A006493F9 /* ZSIfStatementEditorViewController.h */ = {isa = PBXFileReference; fileEncoding = 4; lastKnownFileType = sourcecode.c.h; path = ZSIfStatementEditorViewController.h; sourceTree = "<group>"; };
		7855BCCF1837FB8A006493F9 /* ZSIfStatementEditorViewController.m */ = {isa = PBXFileReference; fileEncoding = 4; lastKnownFileType = sourcecode.c.objc; path = ZSIfStatementEditorViewController.m; sourceTree = "<group>"; };
		7855BCD11837FBA7006493F9 /* ZSCallStatementEditorViewController.h */ = {isa = PBXFileReference; fileEncoding = 4; lastKnownFileType = sourcecode.c.h; path = ZSCallStatementEditorViewController.h; sourceTree = "<group>"; };
		7855BCD21837FBA7006493F9 /* ZSCallStatementEditorViewController.m */ = {isa = PBXFileReference; fileEncoding = 4; lastKnownFileType = sourcecode.c.objc; path = ZSCallStatementEditorViewController.m; sourceTree = "<group>"; };
		78F79EB41839BC9E00012726 /* ZSCodeOnEventStatement.h */ = {isa = PBXFileReference; fileEncoding = 4; lastKnownFileType = sourcecode.c.h; path = ZSCodeOnEventStatement.h; sourceTree = "<group>"; };
		78F79EB51839BC9E00012726 /* ZSCodeOnEventStatement.m */ = {isa = PBXFileReference; fileEncoding = 4; lastKnownFileType = sourcecode.c.objc; path = ZSCodeOnEventStatement.m; sourceTree = "<group>"; };
		78F79EB7183A8C0300012726 /* TCCodeEditor.m */ = {isa = PBXFileReference; fileEncoding = 4; lastKnownFileType = sourcecode.c.objc; path = TCCodeEditor.m; sourceTree = "<group>"; };
		A26E7A8391C049E78AB2860A /* libPods.a */ = {isa = PBXFileReference; explicitFileType = archive.ar; includeInIndex = 0; path = libPods.a; sourceTree = BUILT_PRODUCTS_DIR; };
		B2EA1C412CB64638977AE594 /* Pods.xcconfig */ = {isa = PBXFileReference; includeInIndex = 1; lastKnownFileType = text.xcconfig; name = Pods.xcconfig; path = Pods/Pods.xcconfig; sourceTree = "<group>"; };
/* End PBXFileReference section */

/* Begin PBXFrameworksBuildPhase section */
		4CF1CBAB17EF882A00636E0D /* Frameworks */ = {
			isa = PBXFrameworksBuildPhase;
			buildActionMask = 2147483647;
			files = (
				4CF1CBB417EF882A00636E0D /* CoreGraphics.framework in Frameworks */,
				4CF1CBB617EF882A00636E0D /* UIKit.framework in Frameworks */,
				4CF1CBB217EF882A00636E0D /* Foundation.framework in Frameworks */,
				F188741646A541119F9E0DE4 /* libPods.a in Frameworks */,
			);
			runOnlyForDeploymentPostprocessing = 0;
		};
		4CF1CBCC17EF882A00636E0D /* Frameworks */ = {
			isa = PBXFrameworksBuildPhase;
			buildActionMask = 2147483647;
			files = (
				4CF1CBD117EF882A00636E0D /* XCTest.framework in Frameworks */,
				4CF1CBD317EF882A00636E0D /* UIKit.framework in Frameworks */,
				4CF1CBD217EF882A00636E0D /* Foundation.framework in Frameworks */,
			);
			runOnlyForDeploymentPostprocessing = 0;
		};
/* End PBXFrameworksBuildPhase section */

/* Begin PBXGroup section */
		4C9BE76D1815B48000F5EF57 /* Playground */ = {
			isa = PBXGroup;
			children = (
				4C9BE76F1815B4AD00F5EF57 /* Scenes */,
				4C9BE76E1815B49200F5EF57 /* View Controllers */,
			);
			name = Playground;
			sourceTree = "<group>";
		};
		4C9BE76E1815B49200F5EF57 /* View Controllers */ = {
			isa = PBXGroup;
			children = (
				7855BCC81837FA97006493F9 /* ZSCodeEditorViewController.h */,
				7855BCC91837FA97006493F9 /* ZSCodeEditorViewController.m */,
				7855BCC71837F501006493F9 /* If Statement Editor */,
				7855BCC61837F4F4006493F9 /* Set Statement Editor */,
				7855BCC51837F4E0006493F9 /* Call Statement Editor */,
				7855BCAF1837F2BF006493F9 /* CodeModel */,
				5FBDDC3317FF2D2400A1037A /* ZSPlaygroundViewController.h */,
				5FBDDC3417FF2D2400A1037A /* ZSPlaygroundViewController.m */,
				4CE340311809DB3C009A63A2 /* ZSBallViewController.h */,
				4CE340321809DB3C009A63A2 /* ZSBallViewController.m */,
				2C19FF00181ADBF400D10D2B /* ZSSarahTestViewController.h */,
				2C19FF01181ADBF400D10D2B /* ZSSarahTestViewController.m */,
			);
			name = "View Controllers";
			sourceTree = "<group>";
		};
		4C9BE76F1815B4AD00F5EF57 /* Scenes */ = {
			isa = PBXGroup;
			children = (
				4CE340341809DCFD009A63A2 /* ZSScene.h */,
				4CE340351809DCFD009A63A2 /* ZSScene.m */,
				2C19FF03181ADCB600D10D2B /* ZSSarahTestScene.h */,
				2C19FF04181ADCB600D10D2B /* ZSSarahTestScene.m */,
			);
			name = Scenes;
			sourceTree = "<group>";
		};
		4C9BE7701815B4D700F5EF57 /* Table Controllers */ = {
			isa = PBXGroup;
			children = (
				4CE340461809F880009A63A2 /* ZSMenuController.h */,
				4CE340471809F880009A63A2 /* ZSMenuController.m */,
				4CE340491809FC57009A63A2 /* ZSSpriteController.h */,
				4CE3404A1809FC57009A63A2 /* ZSSpriteController.m */,
				5FBDDC3517FF2D2400A1037A /* ZSSuiteController.h */,
				5FBDDC3617FF2D2400A1037A /* ZSSuiteController.m */,
			);
			name = "Table Controllers";
			sourceTree = "<group>";
		};
		4C9BE7711815B58400F5EF57 /* Program */ = {
			isa = PBXGroup;
			children = (
				4C7527301800D5C3002B41E6 /* ZSProgram.h */,
				4C7527311800D5C3002B41E6 /* ZSProgram.m */,
			);
			name = Program;
			sourceTree = "<group>";
		};
		4C9BE7721815B5A900F5EF57 /* Sprite */ = {
			isa = PBXGroup;
			children = (
				4CF1CBF217EF89AB00636E0D /* TCSprite.h */,
				4CF1CBF317EF89AB00636E0D /* TCSprite.m */,
			);
			name = Sprite;
			sourceTree = "<group>";
		};
		4CF1CBA517EF882A00636E0D = {
			isa = PBXGroup;
			children = (
				4CF1CBB717EF882A00636E0D /* Zuse */,
				4CF1CBD617EF882A00636E0D /* ZuseTests */,
				4CF1CBB017EF882A00636E0D /* Frameworks */,
				4CF1CBAF17EF882A00636E0D /* Products */,
				B2EA1C412CB64638977AE594 /* Pods.xcconfig */,
			);
			sourceTree = "<group>";
		};
		4CF1CBAF17EF882A00636E0D /* Products */ = {
			isa = PBXGroup;
			children = (
				4CF1CBAE17EF882A00636E0D /* Zuse.app */,
				4CF1CBCF17EF882A00636E0D /* ZuseTests.xctest */,
			);
			name = Products;
			sourceTree = "<group>";
		};
		4CF1CBB017EF882A00636E0D /* Frameworks */ = {
			isa = PBXGroup;
			children = (
				4CF1CBB117EF882A00636E0D /* Foundation.framework */,
				4CF1CBB317EF882A00636E0D /* CoreGraphics.framework */,
				4CF1CBB517EF882A00636E0D /* UIKit.framework */,
				4CF1CBD017EF882A00636E0D /* XCTest.framework */,
				A26E7A8391C049E78AB2860A /* libPods.a */,
			);
			name = Frameworks;
			sourceTree = "<group>";
		};
		4CF1CBB717EF882A00636E0D /* Zuse */ = {
			isa = PBXGroup;
			children = (
				5F099D4217F0E11200EB2AC7 /* Models */,
				4C9BE76D1815B48000F5EF57 /* Playground */,
				4C9BE7701815B4D700F5EF57 /* Table Controllers */,
				5F099D4117F0E10600EB2AC7 /* Views */,
				5F099D4017F0E0F700EB2AC7 /* View Controllers */,
				4CF1CBB817EF882A00636E0D /* Supporting Files */,
				4CF1CBC317EF882A00636E0D /* Main.storyboard */,
				4CF1CBC017EF882A00636E0D /* TCAppDelegate.h */,
				4CF1CBC117EF882A00636E0D /* TCAppDelegate.m */,
			);
			path = Zuse;
			sourceTree = "<group>";
		};
		4CF1CBB817EF882A00636E0D /* Supporting Files */ = {
			isa = PBXGroup;
			children = (
				5FEFB898182B5360007DAFCF /* JSON */,
				4CF1CBC917EF882A00636E0D /* Images.xcassets */,
				4CF1CBFE17EFE13C00636E0D /* images */,
				4CF1CBB917EF882A00636E0D /* Zuse-Info.plist */,
				4CF1CBBA17EF882A00636E0D /* InfoPlist.strings */,
				4CF1CBBD17EF882A00636E0D /* main.m */,
				4CF1CBBF17EF882A00636E0D /* Zuse-Prefix.pch */,
			);
			name = "Supporting Files";
			sourceTree = "<group>";
		};
		4CF1CBD617EF882A00636E0D /* ZuseTests */ = {
			isa = PBXGroup;
			children = (
				78F79EB7183A8C0300012726 /* TCCodeEditor.m */,
				5F099D4717F1136000EB2AC7 /* InterpreterTests.m */,
				4CF1CBD717EF882A00636E0D /* Supporting Files */,
			);
			path = ZuseTests;
			sourceTree = "<group>";
		};
		4CF1CBD717EF882A00636E0D /* Supporting Files */ = {
			isa = PBXGroup;
			children = (
				5F41ACB4183411800089D136 /* events_scope.json */,
				4CF1CBD817EF882A00636E0D /* ZuseTests-Info.plist */,
				4CF1CBD917EF882A00636E0D /* InfoPlist.strings */,
				5F41ACB21833DE6D0089D136 /* scope.json */,
			);
			name = "Supporting Files";
			sourceTree = "<group>";
		};
		4CF1CBFE17EFE13C00636E0D /* images */ = {
			isa = PBXGroup;
			children = (
				2C19FF06181AE6B600D10D2B /* monster.png */,
				2C19FF07181AE6B600D10D2B /* monster@2x.png */,
				2C19FF08181AE6B600D10D2B /* player.png */,
				2C19FF09181AE6B600D10D2B /* player@2x.png */,
				2C19FF0A181AE6B600D10D2B /* projectile.png */,
				2C19FF0B181AE6B600D10D2B /* projectile@2x.png */,
				4CE340411809F76E009A63A2 /* grayball.png */,
				4CE3403F1809EDC1009A63A2 /* basketball.png */,
				4CF1CC0017EFE14A00636E0D /* dog.jpeg */,
				4CF1CC0117EFE14A00636E0D /* monkey.jpeg */,
				4CF1CC0217EFE14A00636E0D /* sonic.jpeg */,
				4CF1CC0317EFE14A00636E0D /* yoda.jpeg */,
			);
			name = images;
			sourceTree = "<group>";
		};
		5F099D4017F0E0F700EB2AC7 /* View Controllers */ = {
			isa = PBXGroup;
			children = (
				5FBDDC3117FF2D2400A1037A /* ZSEditorViewController.h */,
				5FBDDC3217FF2D2400A1037A /* ZSEditorViewController.m */,
				4C0D470617FB927600F13786 /* ZSCanvasViewController.h */,
				4C0D470717FB927600F13786 /* ZSCanvasViewController.m */,
				4CE3404C180A0154009A63A2 /* ZSRendererViewController.h */,
				4CE3404D180A0154009A63A2 /* ZSRendererViewController.m */,
			);
			name = "View Controllers";
			sourceTree = "<group>";
		};
		5F099D4117F0E10600EB2AC7 /* Views */ = {
			isa = PBXGroup;
			children = (
				4CF1CC0C17EFF64500636E0D /* TCSpriteView.h */,
				4CF1CC0D17EFF64500636E0D /* TCSpriteView.m */,
			);
			name = Views;
			sourceTree = "<group>";
		};
		5F099D4217F0E11200EB2AC7 /* Models */ = {
			isa = PBXGroup;
			children = (
				5F099D4317F1133D00EB2AC7 /* Interpreter */,
				4CF1CBF217EF89AB00636E0D /* TCSprite.h */,
				4CF1CBF317EF89AB00636E0D /* TCSprite.m */,
				4CE340461809F880009A63A2 /* ZSMenuController.h */,
				4CE340471809F880009A63A2 /* ZSMenuController.m */,
				4CE340491809FC57009A63A2 /* ZSSpriteController.h */,
				4CE3404A1809FC57009A63A2 /* ZSSpriteController.m */,
				5FBDDC3517FF2D2400A1037A /* ZSSuiteController.h */,
				5FBDDC3617FF2D2400A1037A /* ZSSuiteController.m */,
				4C7527301800D5C3002B41E6 /* ZSProgram.h */,
				4C7527311800D5C3002B41E6 /* ZSProgram.m */,
				4C9BE7711815B58400F5EF57 /* Program */,
				4C9BE7721815B5A900F5EF57 /* Sprite */,
			);
			name = Models;
			sourceTree = "<group>";
		};
		5F099D4317F1133D00EB2AC7 /* Interpreter */ = {
			isa = PBXGroup;
			children = (
				5F099D4417F1135300EB2AC7 /* ZSInterpreter.h */,
				5F099D4517F1135300EB2AC7 /* ZSInterpreter.m */,
				5F41ACB618341C980089D136 /* ZSExecutionContext.h */,
				5F41ACB718341C980089D136 /* ZSExecutionContext.m */,
				5F1B5BA41837EE7800632DE6 /* ZSCompiler.h */,
				5F1B5BA51837EE7800632DE6 /* ZSCompiler.m */,
			);
			name = Interpreter;
			sourceTree = "<group>";
		};
		5FEFB898182B5360007DAFCF /* JSON */ = {
			isa = PBXGroup;
			children = (
				5F41ACB01833DCFE0089D136 /* pong_compiled.json */,
				5FEFB899182B5376007DAFCF /* pong.json */,
				4C0D470417FB800400F13786 /* TestProject.json */,
				5F1B5BA21837E05A00632DE6 /* pong_no_traits.json */,
			);
			name = JSON;
			sourceTree = "<group>";
		};
		7855BCAF1837F2BF006493F9 /* CodeModel */ = {
			isa = PBXGroup;
			children = (
				78346A08183C623400540D54 /* ZSCodeObject.h */,
				78346A09183C623400540D54 /* ZSCodeObject.m */,
				7855BCB61837F47E006493F9 /* ZSCodeLine.h */,
				7855BCB71837F47E006493F9 /* ZSCodeLine.m */,
				7855BCB01837F47E006493F9 /* ZSCodeBoolExpression.h */,
				7855BCB11837F47E006493F9 /* ZSCodeBoolExpression.m */,
				7855BCBA1837F47E006493F9 /* ZSCodeStatement.h */,
				7855BCBB1837F47E006493F9 /* ZSCodeStatement.m */,
				7855BCB21837F47E006493F9 /* ZSCodeCallStatement.h */,
				7855BCB31837F47E006493F9 /* ZSCodeCallStatement.m */,
				7855BCB41837F47E006493F9 /* ZSCodeIfStatement.h */,
				7855BCB51837F47E006493F9 /* ZSCodeIfStatement.m */,
				7855BCB81837F47E006493F9 /* ZSCodeSetStatement.h */,
				7855BCB91837F47E006493F9 /* ZSCodeSetStatement.m */,
				78F79EB41839BC9E00012726 /* ZSCodeOnEventStatement.h */,
				78F79EB51839BC9E00012726 /* ZSCodeOnEventStatement.m */,
				7855BCBC1837F47E006493F9 /* ZSCodeSuite.h */,
				7855BCBD1837F47E006493F9 /* ZSCodeSuite.m */,
			);
			name = CodeModel;
			sourceTree = "<group>";
		};
		7855BCC51837F4E0006493F9 /* Call Statement Editor */ = {
			isa = PBXGroup;
			children = (
				7855BCD11837FBA7006493F9 /* ZSCallStatementEditorViewController.h */,
				7855BCD21837FBA7006493F9 /* ZSCallStatementEditorViewController.m */,
			);
			name = "Call Statement Editor";
			sourceTree = "<group>";
		};
		7855BCC61837F4F4006493F9 /* Set Statement Editor */ = {
			isa = PBXGroup;
			children = (
				7855BCCB1837FB6D006493F9 /* ZSSetStatementEditorViewController.h */,
				7855BCCC1837FB6D006493F9 /* ZSSetStatementEditorViewController.m */,
			);
			name = "Set Statement Editor";
			sourceTree = "<group>";
		};
		7855BCC71837F501006493F9 /* If Statement Editor */ = {
			isa = PBXGroup;
			children = (
				7855BCCE1837FB8A006493F9 /* ZSIfStatementEditorViewController.h */,
				7855BCCF1837FB8A006493F9 /* ZSIfStatementEditorViewController.m */,
			);
			name = "If Statement Editor";
			sourceTree = "<group>";
		};
/* End PBXGroup section */

/* Begin PBXNativeTarget section */
		4CF1CBAD17EF882A00636E0D /* Zuse */ = {
			isa = PBXNativeTarget;
			buildConfigurationList = 4CF1CBE017EF882A00636E0D /* Build configuration list for PBXNativeTarget "Zuse" */;
			buildPhases = (
				00A9A5AAC5E747128B266BDF /* Check Pods Manifest.lock */,
				4CF1CBAA17EF882A00636E0D /* Sources */,
				4CF1CBAB17EF882A00636E0D /* Frameworks */,
				4CF1CBAC17EF882A00636E0D /* Resources */,
				2F04D42D94174B9791980EE8 /* Copy Pods Resources */,
			);
			buildRules = (
			);
			dependencies = (
			);
			name = Zuse;
			productName = Zuse;
			productReference = 4CF1CBAE17EF882A00636E0D /* Zuse.app */;
			productType = "com.apple.product-type.application";
		};
		4CF1CBCE17EF882A00636E0D /* ZuseTests */ = {
			isa = PBXNativeTarget;
			buildConfigurationList = 4CF1CBE317EF882A00636E0D /* Build configuration list for PBXNativeTarget "ZuseTests" */;
			buildPhases = (
				4CF1CBCB17EF882A00636E0D /* Sources */,
				4CF1CBCC17EF882A00636E0D /* Frameworks */,
				4CF1CBCD17EF882A00636E0D /* Resources */,
			);
			buildRules = (
			);
			dependencies = (
				4CF1CBD517EF882A00636E0D /* PBXTargetDependency */,
			);
			name = ZuseTests;
			productName = ZuseTests;
			productReference = 4CF1CBCF17EF882A00636E0D /* ZuseTests.xctest */;
			productType = "com.apple.product-type.bundle.unit-test";
		};
/* End PBXNativeTarget section */

/* Begin PBXProject section */
		4CF1CBA617EF882A00636E0D /* Project object */ = {
			isa = PBXProject;
			attributes = {
				CLASSPREFIX = TC;
				LastUpgradeCheck = 0500;
				ORGANIZATIONNAME = "Michael Hogenson";
				TargetAttributes = {
					4CF1CBCE17EF882A00636E0D = {
						TestTargetID = 4CF1CBAD17EF882A00636E0D;
					};
				};
			};
			buildConfigurationList = 4CF1CBA917EF882A00636E0D /* Build configuration list for PBXProject "Zuse" */;
			compatibilityVersion = "Xcode 3.2";
			developmentRegion = English;
			hasScannedForEncodings = 0;
			knownRegions = (
				en,
				Base,
			);
			mainGroup = 4CF1CBA517EF882A00636E0D;
			productRefGroup = 4CF1CBAF17EF882A00636E0D /* Products */;
			projectDirPath = "";
			projectRoot = "";
			targets = (
				4CF1CBAD17EF882A00636E0D /* Zuse */,
				4CF1CBCE17EF882A00636E0D /* ZuseTests */,
			);
		};
/* End PBXProject section */

/* Begin PBXResourcesBuildPhase section */
		4CF1CBAC17EF882A00636E0D /* Resources */ = {
			isa = PBXResourcesBuildPhase;
			buildActionMask = 2147483647;
			files = (
				4CE340421809F76E009A63A2 /* grayball.png in Resources */,
				2C19FF0F181AE6B600D10D2B /* player@2x.png in Resources */,
				2C19FF0E181AE6B600D10D2B /* player.png in Resources */,
				4CF1CC0617EFE14A00636E0D /* monkey.jpeg in Resources */,
				5FEFB89A182B5376007DAFCF /* pong.json in Resources */,
				4C0D470517FB800400F13786 /* TestProject.json in Resources */,
				4CF1CC0517EFE14A00636E0D /* dog.jpeg in Resources */,
				4CE340401809EDC1009A63A2 /* basketball.png in Resources */,
				2C19FF10181AE6B600D10D2B /* projectile.png in Resources */,
				5F41ACB11833DCFE0089D136 /* pong_compiled.json in Resources */,
				4CF1CC0817EFE14A00636E0D /* yoda.jpeg in Resources */,
				2C19FF0C181AE6B600D10D2B /* monster.png in Resources */,
				2C19FF0D181AE6B600D10D2B /* monster@2x.png in Resources */,
				4CF1CC0717EFE14A00636E0D /* sonic.jpeg in Resources */,
				4CF1CBCA17EF882A00636E0D /* Images.xcassets in Resources */,
				4CF1CBBC17EF882A00636E0D /* InfoPlist.strings in Resources */,
				4CF1CBC517EF882A00636E0D /* Main.storyboard in Resources */,
				2C19FF11181AE6B600D10D2B /* projectile@2x.png in Resources */,
				5F1B5BA31837E05A00632DE6 /* pong_no_traits.json in Resources */,
			);
			runOnlyForDeploymentPostprocessing = 0;
		};
		4CF1CBCD17EF882A00636E0D /* Resources */ = {
			isa = PBXResourcesBuildPhase;
			buildActionMask = 2147483647;
			files = (
				5F41ACB5183411800089D136 /* events_scope.json in Resources */,
				5F41ACB31833DE6D0089D136 /* scope.json in Resources */,
				4CF1CBDB17EF882A00636E0D /* InfoPlist.strings in Resources */,
			);
			runOnlyForDeploymentPostprocessing = 0;
		};
/* End PBXResourcesBuildPhase section */

/* Begin PBXShellScriptBuildPhase section */
		00A9A5AAC5E747128B266BDF /* Check Pods Manifest.lock */ = {
			isa = PBXShellScriptBuildPhase;
			buildActionMask = 2147483647;
			files = (
			);
			inputPaths = (
			);
			name = "Check Pods Manifest.lock";
			outputPaths = (
			);
			runOnlyForDeploymentPostprocessing = 0;
			shellPath = /bin/sh;
			shellScript = "diff \"${PODS_ROOT}/../Podfile.lock\" \"${PODS_ROOT}/Manifest.lock\" > /dev/null\nif [[ $? != 0 ]] ; then\n    cat << EOM\nerror: The sandbox is not in sync with the Podfile.lock. Run 'pod install' or update your CocoaPods installation.\nEOM\n    exit 1\nfi\n";
			showEnvVarsInLog = 0;
		};
		2F04D42D94174B9791980EE8 /* Copy Pods Resources */ = {
			isa = PBXShellScriptBuildPhase;
			buildActionMask = 2147483647;
			files = (
			);
			inputPaths = (
			);
			name = "Copy Pods Resources";
			outputPaths = (
			);
			runOnlyForDeploymentPostprocessing = 0;
			shellPath = /bin/sh;
			shellScript = "\"${SRCROOT}/Pods/Pods-resources.sh\"\n";
			showEnvVarsInLog = 0;
		};
/* End PBXShellScriptBuildPhase section */

/* Begin PBXSourcesBuildPhase section */
		4CF1CBAA17EF882A00636E0D /* Sources */ = {
			isa = PBXSourcesBuildPhase;
			buildActionMask = 2147483647;
			files = (
				5F1B5BA71838109600632DE6 /* ZSInterpreter.m in Sources */,
				4CF1CBBE17EF882A00636E0D /* main.m in Sources */,
				7855BCC31837F47E006493F9 /* ZSCodeStatement.m in Sources */,
				7855BCBF1837F47E006493F9 /* ZSCodeCallStatement.m in Sources */,
				7855BCD31837FBA7006493F9 /* ZSCallStatementEditorViewController.m in Sources */,
				7855BCCD1837FB6D006493F9 /* ZSSetStatementEditorViewController.m in Sources */,
				2C19FF02181ADBF400D10D2B /* ZSSarahTestViewController.m in Sources */,
				5FBDDC3917FF2D2400A1037A /* ZSSuiteController.m in Sources */,
				4C7527321800D5C3002B41E6 /* ZSProgram.m in Sources */,
				7855BCC21837F47E006493F9 /* ZSCodeSetStatement.m in Sources */,
				4CE340481809F880009A63A2 /* ZSMenuController.m in Sources */,
				7855BCC41837F47E006493F9 /* ZSCodeSuite.m in Sources */,
				4CE3404E180A0154009A63A2 /* ZSRendererViewController.m in Sources */,
				78F79EB61839BC9E00012726 /* ZSCodeOnEventStatement.m in Sources */,
				5F41ACB818341C980089D136 /* ZSExecutionContext.m in Sources */,
				4CF1CBC217EF882A00636E0D /* TCAppDelegate.m in Sources */,
				5FBDDC3717FF2D2400A1037A /* ZSEditorViewController.m in Sources */,
				4CE340361809DCFD009A63A2 /* ZSScene.m in Sources */,
				4CE340331809DB3C009A63A2 /* ZSBallViewController.m in Sources */,
				78346A0A183C623400540D54 /* ZSCodeObject.m in Sources */,
				2C19FF05181ADCB600D10D2B /* ZSSarahTestScene.m in Sources */,
				4CF1CC0E17EFF64500636E0D /* TCSpriteView.m in Sources */,
				7855BCC01837F47E006493F9 /* ZSCodeIfStatement.m in Sources */,
				5F1B5BA61837EE7800632DE6 /* ZSCompiler.m in Sources */,
				4C0D470817FB927600F13786 /* ZSCanvasViewController.m in Sources */,
				7855BCCA1837FA97006493F9 /* ZSCodeEditorViewController.m in Sources */,
				4CE3404B1809FC57009A63A2 /* ZSSpriteController.m in Sources */,
				7855BCC11837F47E006493F9 /* ZSCodeLine.m in Sources */,
				5FBDDC3817FF2D2400A1037A /* ZSPlaygroundViewController.m in Sources */,
				7855BCBE1837F47E006493F9 /* ZSCodeBoolExpression.m in Sources */,
				7855BCD01837FB8A006493F9 /* ZSIfStatementEditorViewController.m in Sources */,
				4CF1CBF417EF89AB00636E0D /* TCSprite.m in Sources */,
			);
			runOnlyForDeploymentPostprocessing = 0;
		};
		4CF1CBCB17EF882A00636E0D /* Sources */ = {
			isa = PBXSourcesBuildPhase;
			buildActionMask = 2147483647;
			files = (
				78F79EB8183A8C0300012726 /* TCCodeEditor.m in Sources */,
				5F099D4817F1136000EB2AC7 /* InterpreterTests.m in Sources */,
			);
			runOnlyForDeploymentPostprocessing = 0;
		};
/* End PBXSourcesBuildPhase section */

/* Begin PBXTargetDependency section */
		4CF1CBD517EF882A00636E0D /* PBXTargetDependency */ = {
			isa = PBXTargetDependency;
			target = 4CF1CBAD17EF882A00636E0D /* Zuse */;
			targetProxy = 4CF1CBD417EF882A00636E0D /* PBXContainerItemProxy */;
		};
/* End PBXTargetDependency section */

/* Begin PBXVariantGroup section */
		4CF1CBBA17EF882A00636E0D /* InfoPlist.strings */ = {
			isa = PBXVariantGroup;
			children = (
				4CF1CBBB17EF882A00636E0D /* en */,
			);
			name = InfoPlist.strings;
			sourceTree = "<group>";
		};
		4CF1CBC317EF882A00636E0D /* Main.storyboard */ = {
			isa = PBXVariantGroup;
			children = (
				4CF1CBC417EF882A00636E0D /* Base */,
			);
			name = Main.storyboard;
			sourceTree = "<group>";
		};
		4CF1CBD917EF882A00636E0D /* InfoPlist.strings */ = {
			isa = PBXVariantGroup;
			children = (
				4CF1CBDA17EF882A00636E0D /* en */,
			);
			name = InfoPlist.strings;
			sourceTree = "<group>";
		};
/* End PBXVariantGroup section */

/* Begin XCBuildConfiguration section */
		4CF1CBDE17EF882A00636E0D /* Debug */ = {
			isa = XCBuildConfiguration;
			buildSettings = {
				ALWAYS_SEARCH_USER_PATHS = NO;
				ARCHS = "$(ARCHS_STANDARD_INCLUDING_64_BIT)";
				CLANG_CXX_LANGUAGE_STANDARD = "gnu++0x";
				CLANG_CXX_LIBRARY = "libc++";
				CLANG_ENABLE_MODULES = YES;
				CLANG_ENABLE_OBJC_ARC = YES;
				CLANG_WARN_BOOL_CONVERSION = YES;
				CLANG_WARN_CONSTANT_CONVERSION = YES;
				CLANG_WARN_DIRECT_OBJC_ISA_USAGE = YES_ERROR;
				CLANG_WARN_EMPTY_BODY = YES;
				CLANG_WARN_ENUM_CONVERSION = YES;
				CLANG_WARN_INT_CONVERSION = YES;
				CLANG_WARN_OBJC_ROOT_CLASS = YES_ERROR;
				CLANG_WARN__DUPLICATE_METHOD_MATCH = YES;
				"CODE_SIGN_IDENTITY[sdk=iphoneos*]" = "iPhone Developer";
				COPY_PHASE_STRIP = NO;
				GCC_C_LANGUAGE_STANDARD = gnu99;
				GCC_DYNAMIC_NO_PIC = NO;
				GCC_OPTIMIZATION_LEVEL = 0;
				GCC_PREPROCESSOR_DEFINITIONS = (
					"DEBUG=1",
					"$(inherited)",
				);
				GCC_SYMBOLS_PRIVATE_EXTERN = NO;
				GCC_WARN_64_TO_32_BIT_CONVERSION = YES;
				GCC_WARN_ABOUT_RETURN_TYPE = YES_ERROR;
				GCC_WARN_UNDECLARED_SELECTOR = YES;
				GCC_WARN_UNINITIALIZED_AUTOS = YES;
				GCC_WARN_UNUSED_FUNCTION = YES;
				GCC_WARN_UNUSED_VARIABLE = YES;
				IPHONEOS_DEPLOYMENT_TARGET = 7.0;
				ONLY_ACTIVE_ARCH = YES;
				SDKROOT = iphoneos;
			};
			name = Debug;
		};
		4CF1CBDF17EF882A00636E0D /* Release */ = {
			isa = XCBuildConfiguration;
			buildSettings = {
				ALWAYS_SEARCH_USER_PATHS = NO;
				ARCHS = "$(ARCHS_STANDARD_INCLUDING_64_BIT)";
				CLANG_CXX_LANGUAGE_STANDARD = "gnu++0x";
				CLANG_CXX_LIBRARY = "libc++";
				CLANG_ENABLE_MODULES = YES;
				CLANG_ENABLE_OBJC_ARC = YES;
				CLANG_WARN_BOOL_CONVERSION = YES;
				CLANG_WARN_CONSTANT_CONVERSION = YES;
				CLANG_WARN_DIRECT_OBJC_ISA_USAGE = YES_ERROR;
				CLANG_WARN_EMPTY_BODY = YES;
				CLANG_WARN_ENUM_CONVERSION = YES;
				CLANG_WARN_INT_CONVERSION = YES;
				CLANG_WARN_OBJC_ROOT_CLASS = YES_ERROR;
				CLANG_WARN__DUPLICATE_METHOD_MATCH = YES;
				"CODE_SIGN_IDENTITY[sdk=iphoneos*]" = "iPhone Developer";
				COPY_PHASE_STRIP = YES;
				ENABLE_NS_ASSERTIONS = NO;
				GCC_C_LANGUAGE_STANDARD = gnu99;
				GCC_WARN_64_TO_32_BIT_CONVERSION = YES;
				GCC_WARN_ABOUT_RETURN_TYPE = YES_ERROR;
				GCC_WARN_UNDECLARED_SELECTOR = YES;
				GCC_WARN_UNINITIALIZED_AUTOS = YES;
				GCC_WARN_UNUSED_FUNCTION = YES;
				GCC_WARN_UNUSED_VARIABLE = YES;
				IPHONEOS_DEPLOYMENT_TARGET = 7.0;
				SDKROOT = iphoneos;
				VALIDATE_PRODUCT = YES;
			};
			name = Release;
		};
		4CF1CBE117EF882A00636E0D /* Debug */ = {
			isa = XCBuildConfiguration;
			baseConfigurationReference = B2EA1C412CB64638977AE594 /* Pods.xcconfig */;
			buildSettings = {
				ASSETCATALOG_COMPILER_APPICON_NAME = AppIcon;
				ASSETCATALOG_COMPILER_LAUNCHIMAGE_NAME = LaunchImage;
				GCC_PRECOMPILE_PREFIX_HEADER = YES;
				GCC_PREFIX_HEADER = "Zuse/Zuse-Prefix.pch";
				INFOPLIST_FILE = "Zuse/Zuse-Info.plist";
				PRODUCT_NAME = "$(TARGET_NAME)";
				WRAPPER_EXTENSION = app;
			};
			name = Debug;
		};
		4CF1CBE217EF882A00636E0D /* Release */ = {
			isa = XCBuildConfiguration;
			baseConfigurationReference = B2EA1C412CB64638977AE594 /* Pods.xcconfig */;
			buildSettings = {
				ASSETCATALOG_COMPILER_APPICON_NAME = AppIcon;
				ASSETCATALOG_COMPILER_LAUNCHIMAGE_NAME = LaunchImage;
				GCC_PRECOMPILE_PREFIX_HEADER = YES;
				GCC_PREFIX_HEADER = "Zuse/Zuse-Prefix.pch";
				INFOPLIST_FILE = "Zuse/Zuse-Info.plist";
				PRODUCT_NAME = "$(TARGET_NAME)";
				WRAPPER_EXTENSION = app;
			};
			name = Release;
		};
		4CF1CBE417EF882A00636E0D /* Debug */ = {
			isa = XCBuildConfiguration;
			buildSettings = {
				ARCHS = "$(ARCHS_STANDARD_INCLUDING_64_BIT)";
				BUNDLE_LOADER = "$(BUILT_PRODUCTS_DIR)/Zuse.app/Zuse";
				FRAMEWORK_SEARCH_PATHS = (
					"$(SDKROOT)/Developer/Library/Frameworks",
					"$(inherited)",
					"$(DEVELOPER_FRAMEWORKS_DIR)",
				);
				GCC_PRECOMPILE_PREFIX_HEADER = YES;
				GCC_PREFIX_HEADER = "Zuse/Zuse-Prefix.pch";
				GCC_PREPROCESSOR_DEFINITIONS = (
					"DEBUG=1",
					"$(inherited)",
				);
				INFOPLIST_FILE = "ZuseTests/ZuseTests-Info.plist";
				PRODUCT_NAME = "$(TARGET_NAME)";
				TEST_HOST = "$(BUNDLE_LOADER)";
				WRAPPER_EXTENSION = xctest;
			};
			name = Debug;
		};
		4CF1CBE517EF882A00636E0D /* Release */ = {
			isa = XCBuildConfiguration;
			buildSettings = {
				ARCHS = "$(ARCHS_STANDARD_INCLUDING_64_BIT)";
				BUNDLE_LOADER = "$(BUILT_PRODUCTS_DIR)/Zuse.app/Zuse";
				FRAMEWORK_SEARCH_PATHS = (
					"$(SDKROOT)/Developer/Library/Frameworks",
					"$(inherited)",
					"$(DEVELOPER_FRAMEWORKS_DIR)",
				);
				GCC_PRECOMPILE_PREFIX_HEADER = YES;
				GCC_PREFIX_HEADER = "Zuse/Zuse-Prefix.pch";
				INFOPLIST_FILE = "ZuseTests/ZuseTests-Info.plist";
				PRODUCT_NAME = "$(TARGET_NAME)";
				TEST_HOST = "$(BUNDLE_LOADER)";
				WRAPPER_EXTENSION = xctest;
			};
			name = Release;
		};
/* End XCBuildConfiguration section */

/* Begin XCConfigurationList section */
		4CF1CBA917EF882A00636E0D /* Build configuration list for PBXProject "Zuse" */ = {
			isa = XCConfigurationList;
			buildConfigurations = (
				4CF1CBDE17EF882A00636E0D /* Debug */,
				4CF1CBDF17EF882A00636E0D /* Release */,
			);
			defaultConfigurationIsVisible = 0;
			defaultConfigurationName = Release;
		};
		4CF1CBE017EF882A00636E0D /* Build configuration list for PBXNativeTarget "Zuse" */ = {
			isa = XCConfigurationList;
			buildConfigurations = (
				4CF1CBE117EF882A00636E0D /* Debug */,
				4CF1CBE217EF882A00636E0D /* Release */,
			);
			defaultConfigurationIsVisible = 0;
			defaultConfigurationName = Release;
		};
		4CF1CBE317EF882A00636E0D /* Build configuration list for PBXNativeTarget "ZuseTests" */ = {
			isa = XCConfigurationList;
			buildConfigurations = (
				4CF1CBE417EF882A00636E0D /* Debug */,
				4CF1CBE517EF882A00636E0D /* Release */,
			);
			defaultConfigurationIsVisible = 0;
			defaultConfigurationName = Release;
		};
/* End XCConfigurationList section */
	};
	rootObject = 4CF1CBA617EF882A00636E0D /* Project object */;
}
