PODS:
  - AFNetworking (1.3.3)
  - CMPopTipView (2.1.0)
  - DZNPhotoPickerController (1.2.1):
    - AFNetworking (~> 1.3.3)
    - SDWebImage (~> 3.4)
  - FXBlurView (1.5.3)
  - MTBlockAlertView (0.1.1)
  - SDWebImage (3.5.2):
    - SDWebImage/Core
  - SDWebImage/Core (3.5.2)
  - SpriteKit-Components (1.0.2)
  - WYPopoverController (0.1.7)

DEPENDENCIES:
  - CMPopTipView
  - DZNPhotoPickerController
  - FXBlurView
  - MTBlockAlertView
  - SpriteKit-Components
  - WYPopoverController

SPEC CHECKSUMS:
  AFNetworking: 61fdd49e2ffe6380378df37b3b6e70630bb9dd66
  CMPopTipView: de01c6c169c24726356c46ae339ce3498ae9a41d
  DZNPhotoPickerController: a6762e1866bf9e9e17754af9713d6dcaa05e34d9
  FXBlurView: 8d662dd5b4ba15a1a0e97235501326fbdfb2b755
  MTBlockAlertView: 05cf381a078c0005bcbad973cf63d9740ca67323
  SDWebImage: fe7ce01ae4e0a884d168f59c9dd82d35baf8429e
  SpriteKit-Components: f2d3ca5ea1abfc232bc9a774a9c751199f4bc458
  WYPopoverController: 729963b2405c7763c99393a254021de9bffde763

COCOAPODS: 0.29.0
