PODS:
  - MTBlockAlertView (0.1.1)
  - PhysicsDebugger (1.0.0)
  - SpriteKit-Components (1.0.0)
  - WYPopoverController (0.1.7)

DEPENDENCIES:
  - MTBlockAlertView
  - PhysicsDebugger
  - SpriteKit-Components
  - WYPopoverController

SPEC CHECKSUMS:
  MTBlockAlertView: 05cf381a078c0005bcbad973cf63d9740ca67323
  PhysicsDebugger: eff7aa78948b0f29e0d1d3454bc3d51e3493f000
  SpriteKit-Components: fc490ebfd92c1100f30b323ee1999b6c76687f64
  WYPopoverController: 729963b2405c7763c99393a254021de9bffde763

COCOAPODS: 0.28.0
